
Microsoft Visual Studio Solution File, Format Version 12.00
# Visual Studio 15
Project("{FAE04EC0-301F-11D3-BF4B-00C04F79EFBC}") = "Unity.Timeline", "Unity.Timeline.csproj", "{610BE55E-0C26-8C97-27A7-80AB1250C6A8}"
EndProject
Project("{FAE04EC0-301F-11D3-BF4B-00C04F79EFBC}") = "Unity.ShaderGraph.Editor", "Unity.ShaderGraph.Editor.csproj", "{255E5FCA-09DD-B580-964C-3A37E6F74F75}"
EndProject
Project("{FAE04EC0-301F-11D3-BF4B-00C04F79EFBC}") = "Assembly-CSharp", "Assembly-CSharp.csproj", "{4548C7A6-7561-C846-27DD-AFB0EDB0E672}"
EndProject
Project("{FAE04EC0-301F-11D3-BF4B-00C04F79EFBC}") = "Unity.2D.Aseprite.Editor", "Unity.2D.Aseprite.Editor.csproj", "{AECC65CA-AA59-58D8-B690-122F5C0C2C7A}"
EndProject
Project("{FAE04EC0-301F-11D3-BF4B-00C04F79EFBC}") = "Unity.Services.Core.Internal", "Unity.Services.Core.Internal.csproj", "{D0AB50A8-A664-60F5-5E18-35A4FB29BC4F}"
EndProject
Project("{FAE04EC0-301F-11D3-BF4B-00C04F79EFBC}") = "Unity.RenderPipelines.Universal.Runtime", "Unity.RenderPipelines.Universal.Runtime.csproj", "{F9F43357-92F0-A82D-4CF4-79350F1801FD}"
EndProject
Project("{FAE04EC0-301F-11D3-BF4B-00C04F79EFBC}") = "UnityEditor.UI", "UnityEditor.UI.csproj", "{F61B94AD-41B1-A656-5278-A3AB78634A4A}"
EndProject
Project("{FAE04EC0-301F-11D3-BF4B-00C04F79EFBC}") = "Unity.Timeline.Editor", "Unity.Timeline.Editor.csproj", "{8ADFFD59-433D-9E54-3158-E096B0714DDD}"
EndProject
Project("{FAE04EC0-301F-11D3-BF4B-00C04F79EFBC}") = "Unity.PlasticSCM.Editor", "Unity.PlasticSCM.Editor.csproj", "{E8ABC554-72BA-FFA4-9928-67A398DAEE9D}"
EndProject
Project("{FAE04EC0-301F-11D3-BF4B-00C04F79EFBC}") = "Unity.RenderPipelines.Core.Runtime", "Unity.RenderPipelines.Core.Runtime.csproj", "{67E1F189-1F00-9411-51AB-DD554F30F817}"
EndProject
Project("{FAE04EC0-301F-11D3-BF4B-00C04F79EFBC}") = "Assembly-CSharp-Editor", "Assembly-CSharp-Editor.csproj", "{37A725E5-F08F-7622-4BE2-DD53964ABDCE}"
EndProject
Project("{FAE04EC0-301F-11D3-BF4B-00C04F79EFBC}") = "UniRx", "UniRx.csproj", "{768F43CF-01F9-1BD6-A392-0512B9A8D9CE}"
EndProject
Project("{FAE04EC0-301F-11D3-BF4B-00C04F79EFBC}") = "MoreMountains.NiceVibrations.Demos", "MoreMountains.NiceVibrations.Demos.csproj", "{E5899EF2-E764-FD0F-5F02-0A477A41DDD8}"
EndProject
Project("{FAE04EC0-301F-11D3-BF4B-00C04F79EFBC}") = "Unity.Mathematics", "Unity.Mathematics.csproj", "{28D152C1-C267-86AF-32D4-CD385B97F0E1}"
EndProject
Project("{FAE04EC0-301F-11D3-BF4B-00C04F79EFBC}") = "Unity.RenderPipelines.Core.Editor", "Unity.RenderPipelines.Core.Editor.csproj", "{B383DD8E-BCB2-6A85-DD6A-4612A1394AF1}"
EndProject
Project("{FAE04EC0-301F-11D3-BF4B-00C04F79EFBC}") = "UnityEditor.Purchasing", "UnityEditor.Purchasing.csproj", "{5117F75F-6185-55EC-611A-E2F246B83C64}"
EndProject
Project("{FAE04EC0-301F-11D3-BF4B-00C04F79EFBC}") = "Unity.2D.Common.Path.Editor", "Unity.2D.Common.Path.Editor.csproj", "{8FFBD7AD-BB0D-48FB-A713-45B9581BE7B1}"
EndProject
Project("{FAE04EC0-301F-11D3-BF4B-00C04F79EFBC}") = "Unity.2D.Psdimporter.Editor", "Unity.2D.Psdimporter.Editor.csproj", "{D3450152-2009-448F-9E26-C15B4A9FF645}"
EndProject
Project("{FAE04EC0-301F-11D3-BF4B-00C04F79EFBC}") = "UnityEngine.Purchasing.Stores", "UnityEngine.Purchasing.Stores.csproj", "{FF527A18-6B37-4E42-631B-ACDFB66537CD}"
EndProject
Project("{FAE04EC0-301F-11D3-BF4B-00C04F79EFBC}") = "Unity.2D.IK.Runtime", "Unity.2D.IK.Runtime.csproj", "{15851D96-749A-DB95-0E85-524872F35218}"
EndProject
Project("{FAE04EC0-301F-11D3-BF4B-00C04F79EFBC}") = "UnityEditor.TestRunner", "UnityEditor.TestRunner.csproj", "{621A0A75-E47E-BD8C-F24E-A7B32343E0B9}"
EndProject
Project("{FAE04EC0-301F-11D3-BF4B-00C04F79EFBC}") = "ACTk.Runtime", "ACTk.Runtime.csproj", "{8D387688-0E99-3987-9DAA-131140CA7F9D}"
EndProject
Project("{FAE04EC0-301F-11D3-BF4B-00C04F79EFBC}") = "Unity.RenderPipelines.Universal.Editor", "Unity.RenderPipelines.Universal.Editor.csproj", "{5E0721BE-100D-CD0D-CAFB-7B2E23A0A824}"
EndProject
Project("{FAE04EC0-301F-11D3-BF4B-00C04F79EFBC}") = "MoreMountains.NiceVibrations.Haptics", "MoreMountains.NiceVibrations.Haptics.csproj", "{A155E7BF-5C6D-4EA5-33B1-BA6D80A333A3}"
EndProject
Project("{FAE04EC0-301F-11D3-BF4B-00C04F79EFBC}") = "Unity.TextMeshPro.Editor", "Unity.TextMeshPro.Editor.csproj", "{4370D5B3-B5E9-9B4E-0DC9-E08AFD7DD3E2}"
EndProject
Project("{FAE04EC0-301F-11D3-BF4B-00C04F79EFBC}") = "Unity.Recorder.Editor", "Unity.Recorder.Editor.csproj", "{8CDF837A-FE3C-19A2-A4A4-E50B097A02E0}"
EndProject
Project("{FAE04EC0-301F-11D3-BF4B-00C04F79EFBC}") = "UnityEngine.TestRunner", "UnityEngine.TestRunner.csproj", "{E5FF6B0B-DDFF-7D24-C61C-0B09CB88216B}"
EndProject
Project("{FAE04EC0-301F-11D3-BF4B-00C04F79EFBC}") = "Unity.2D.Tilemap.Editor", "Unity.2D.Tilemap.Editor.csproj", "{DEC96CB4-772E-7E2E-EC7C-7CD6CBD062F3}"
EndProject
Project("{FAE04EC0-301F-11D3-BF4B-00C04F79EFBC}") = "Unity.Searcher.Editor", "Unity.Searcher.Editor.csproj", "{7FE07F46-CF9F-07DD-625A-67BEDEDD5854}"
EndProject
Project("{FAE04EC0-301F-11D3-BF4B-00C04F79EFBC}") = "Unity.Burst", "Unity.Burst.csproj", "{E447BE57-E612-C1BA-38E1-FB951607522F}"
EndProject
Project("{FAE04EC0-301F-11D3-BF4B-00C04F79EFBC}") = "Unity.Services.Core.Environments.Editor", "Unity.Services.Core.Environments.Editor.csproj", "{21C0EF92-9723-D27F-B45F-E26AFC1DA309}"
EndProject
Project("{FAE04EC0-301F-11D3-BF4B-00C04F79EFBC}") = "PsdPlugin", "PsdPlugin.csproj", "{BEC03F5A-11BE-7D95-69F5-B8356474E8BF}"
EndProject
Project("{FAE04EC0-301F-11D3-BF4B-00C04F79EFBC}") = "UnityEngine.Purchasing", "UnityEngine.Purchasing.csproj", "{995C1C30-D9A7-3B3E-EB05-0FC91807840E}"
EndProject
Project("{FAE04EC0-301F-11D3-BF4B-00C04F79EFBC}") = "ACTk.Editor", "ACTk.Editor.csproj", "{83D75582-FE02-0A2E-411C-1B63FA66B811}"
EndProject
Project("{FAE04EC0-301F-11D3-BF4B-00C04F79EFBC}") = "Unity.AI.Navigation.Editor", "Unity.AI.Navigation.Editor.csproj", "{9E6064D6-7D1A-F378-1880-BAA3130D56F2}"
EndProject
Project("{FAE04EC0-301F-11D3-BF4B-00C04F79EFBC}") = "Unity.Collections", "Unity.Collections.csproj", "{894DFFEC-7EB1-4EBB-BC31-957B6971A231}"
EndProject
Project("{FAE04EC0-301F-11D3-BF4B-00C04F79EFBC}") = "Google.Android.AppBundle.Editor", "Google.Android.AppBundle.Editor.csproj", "{58AFE7C9-C45D-C267-FDC8-B6C5EDB76303}"
EndProject
Project("{FAE04EC0-301F-11D3-BF4B-00C04F79EFBC}") = "spine-unity", "spine-unity.csproj", "{2A34009D-947A-268C-F201-ACF3100C49E3}"
EndProject
Project("{FAE04EC0-301F-11D3-BF4B-00C04F79EFBC}") = "Unity.2D.Animation.Editor", "Unity.2D.Animation.Editor.csproj", "{7620C523-98BF-EBC3-F767-15E89703361E}"
EndProject
Project("{FAE04EC0-301F-11D3-BF4B-00C04F79EFBC}") = "Unity.2D.SpriteShape.Editor", "Unity.2D.SpriteShape.Editor.csproj", "{C0E36E5E-91D5-CE8B-55CB-9DE829089095}"
EndProject
Project("{FAE04EC0-301F-11D3-BF4B-00C04F79EFBC}") = "Unity.VisualStudio.Editor", "Unity.VisualStudio.Editor.csproj", "{DC9E9EC6-E506-06C6-5860-39FBD7B9B37C}"
EndProject
Project("{FAE04EC0-301F-11D3-BF4B-00C04F79EFBC}") = "PPv2URPConverters", "PPv2URPConverters.csproj", "{3A055C5F-5ACC-A0D0-F2A4-0D142699A1C1}"
EndProject
Project("{FAE04EC0-301F-11D3-BF4B-00C04F79EFBC}") = "IAPResolver", "IAPResolver.csproj", "{63EC67E7-4D69-9E0D-4C48-600A64DAD194}"
EndProject
Project("{FAE04EC0-301F-11D3-BF4B-00C04F79EFBC}") = "Unity.Rider.Editor", "Unity.Rider.Editor.csproj", "{BE0A9FE7-2463-5305-F0C3-42B72C32D9E6}"
EndProject
Project("{FAE04EC0-301F-11D3-BF4B-00C04F79EFBC}") = "Unity.InternalAPIEditorBridge.001", "Unity.InternalAPIEditorBridge.001.csproj", "{0BA96B59-DAEC-4D7B-CFE5-022CD96B4FFB}"
EndProject
Project("{FAE04EC0-301F-11D3-BF4B-00C04F79EFBC}") = "spine-unity-editor", "spine-unity-editor.csproj", "{E9C7460C-FAA3-E1FA-444F-119A173F3F05}"
EndProject
Project("{FAE04EC0-301F-11D3-BF4B-00C04F79EFBC}") = "Unity.2D.SpriteShape.Runtime", "Unity.2D.SpriteShape.Runtime.csproj", "{18C350F1-AB3C-7567-528C-89FC72A726E0}"
EndProject
Project("{FAE04EC0-301F-11D3-BF4B-00C04F79EFBC}") = "Unity.Services.Core.Configuration", "Unity.Services.Core.Configuration.csproj", "{E377F24B-4595-8B72-A7C9-326D613E7F0D}"
EndProject
Project("{FAE04EC0-301F-11D3-BF4B-00C04F79EFBC}") = "MaxSdk.Scripts", "MaxSdk.Scripts.csproj", "{99B4432F-C12C-F8C8-6E90-728AE00FCBDB}"
EndProject
Project("{FAE04EC0-301F-11D3-BF4B-00C04F79EFBC}") = "Unity.AI.Navigation.Editor.ConversionSystem", "Unity.AI.Navigation.Editor.ConversionSystem.csproj", "{26E93A97-7EA0-48E3-A13C-A666425051AF}"
EndProject
Project("{FAE04EC0-301F-11D3-BF4B-00C04F79EFBC}") = "UnityEngine.UI", "UnityEngine.UI.csproj", "{9FE0CCA2-998A-9E3F-3F58-4A6192F938EF}"
EndProject
Project("{FAE04EC0-301F-11D3-BF4B-00C04F79EFBC}") = "ACTk.Examples.Genuine.Runtime", "ACTk.Examples.Genuine.Runtime.csproj", "{8F22E8A7-BE7B-858A-D38D-7E85C707DD4A}"
EndProject
Project("{FAE04EC0-301F-11D3-BF4B-00C04F79EFBC}") = "Unity.Services.Core.Editor", "Unity.Services.Core.Editor.csproj", "{2A49B48D-E34A-D11D-15B2-BE0D48C5E1C0}"
EndProject
Project("{FAE04EC0-301F-11D3-BF4B-00C04F79EFBC}") = "Unity.Burst.CodeGen", "Unity.Burst.CodeGen.csproj", "{3F299F8F-8CDD-7272-457C-662284D40159}"
EndProject
Project("{FAE04EC0-301F-11D3-BF4B-00C04F79EFBC}") = "Unity.Services.Core.Configuration.Editor", "Unity.Services.Core.Configuration.Editor.csproj", "{58A867ED-5647-560B-4D5A-FBA290A4EDBD}"
EndProject
Project("{FAE04EC0-301F-11D3-BF4B-00C04F79EFBC}") = "Unity.RenderPipeline.Universal.ShaderLibrary", "Unity.RenderPipeline.Universal.ShaderLibrary.csproj", "{10814D03-E717-40AA-98E9-48188CC1B221}"
EndProject
Project("{FAE04EC0-301F-11D3-BF4B-00C04F79EFBC}") = "Unity.Services.Core", "Unity.Services.Core.csproj", "{E9820D60-3D64-95A8-FDBA-97092FC76BB2}"
EndProject
Project("{FAE04EC0-301F-11D3-BF4B-00C04F79EFBC}") = "Unity.AI.Navigation", "Unity.AI.Navigation.csproj", "{4EE532DB-E04D-868B-DC98-D7ECC2C934F4}"
EndProject
Project("{FAE04EC0-301F-11D3-BF4B-00C04F79EFBC}") = "AppsFlyer", "AppsFlyer.csproj", "{3994B6F0-E6AB-BE70-0FCD-767F88778F10}"
EndProject
Project("{FAE04EC0-301F-11D3-BF4B-00C04F79EFBC}") = "Unity.TextMeshPro", "Unity.TextMeshPro.csproj", "{95274FE0-AEC0-0B55-F4D4-52D1018464AE}"
EndProject
Project("{FAE04EC0-301F-11D3-BF4B-00C04F79EFBC}") = "Unity.2D.Tilemap.Extras.Editor", "Unity.2D.Tilemap.Extras.Editor.csproj", "{DDBA17F6-3CF0-4817-036F-D5F218FFA538}"
EndProject
Project("{FAE04EC0-301F-11D3-BF4B-00C04F79EFBC}") = "ACTk.Examples.Runtime", "ACTk.Examples.Runtime.csproj", "{6DB1E06F-B243-1C3C-EAB6-E67F05EBEEC7}"
EndProject
Project("{FAE04EC0-301F-11D3-BF4B-00C04F79EFBC}") = "Unity.2D.Animation.Runtime", "Unity.2D.Animation.Runtime.csproj", "{78C5A385-7844-AE8A-0BF9-402AD5D5E8FC}"
EndProject
Project("{FAE04EC0-301F-11D3-BF4B-00C04F79EFBC}") = "Unity.VSCode.Editor", "Unity.VSCode.Editor.csproj", "{5D0846C1-4DE4-BF6A-5482-726344AD4ADA}"
EndProject
Project("{FAE04EC0-301F-11D3-BF4B-00C04F79EFBC}") = "Unity.2D.IK.Editor", "Unity.2D.IK.Editor.csproj", "{1B4D0C3C-097A-E5EB-D69E-7D02D7F02E86}"
EndProject
Project("{FAE04EC0-301F-11D3-BF4B-00C04F79EFBC}") = "Unity.InternalAPIEngineBridge.001", "Unity.InternalAPIEngineBridge.001.csproj", "{796CC126-A9C3-6AD8-2AD4-59E0C7197427}"
EndProject
Project("{FAE04EC0-301F-11D3-BF4B-00C04F79EFBC}") = "Unity.2D.Aseprite.Common", "Unity.2D.Aseprite.Common.csproj", "{9B1212D3-A65D-0510-CC8E-76714E07F7CC}"
EndProject
Project("{FAE04EC0-301F-11D3-BF4B-00C04F79EFBC}") = "Unity.Burst.Editor", "Unity.Burst.Editor.csproj", "{33E2AC9A-563F-CCED-E9EF-03E3D3F1BD0F}"
EndProject
Project("{FAE04EC0-301F-11D3-BF4B-00C04F79EFBC}") = "Coffee.UIParticle.Editor", "Coffee.UIParticle.Editor.csproj", "{6DE576D9-226A-4D44-A524-FEEE025E77CE}"
EndProject
Project("{FAE04EC0-301F-11D3-BF4B-00C04F79EFBC}") = "Unity.2D.Common.Editor", "Unity.2D.Common.Editor.csproj", "{319BAFB6-CF8D-9AE5-736F-AC5748F8D7A0}"
EndProject
Project("{FAE04EC0-301F-11D3-BF4B-00C04F79EFBC}") = "Google.Play.Common", "Google.Play.Common.csproj", "{43391024-20C3-B1DA-979A-A7EA16B9501E}"
EndProject
Project("{FAE04EC0-301F-11D3-BF4B-00C04F79EFBC}") = "UnityEngine.Purchasing.AppleMacosStub", "UnityEngine.Purchasing.AppleMacosStub.csproj", "{7B2D67F5-46F7-865C-DB89-0AC00020C258}"
EndProject
Project("{FAE04EC0-301F-11D3-BF4B-00C04F79EFBC}") = "Unity.AI.Navigation.Updater", "Unity.AI.Navigation.Updater.csproj", "{C56E9ECE-EA98-7410-17F7-A00264A55262}"
EndProject
Project("{FAE04EC0-301F-11D3-BF4B-00C04F79EFBC}") = "UnityEngine.Purchasing.Codeless", "UnityEngine.Purchasing.Codeless.csproj", "{BDFDA3FA-8155-F134-BA34-0C466DB5D88C}"
EndProject
Project("{FAE04EC0-301F-11D3-BF4B-00C04F79EFBC}") = "ACTk.Examples.Genuine.Editor", "ACTk.Examples.Genuine.Editor.csproj", "{0B0041AE-4335-B86F-5294-AFF4D939B502}"
EndProject
Project("{FAE04EC0-301F-11D3-BF4B-00C04F79EFBC}") = "Unity.2D.PixelPerfect", "Unity.2D.PixelPerfect.csproj", "{429EB402-71EC-41E7-A609-5F6CBC3F6D1E}"
EndProject
Project("{FAE04EC0-301F-11D3-BF4B-00C04F79EFBC}") = "MoreMountains.NiceVibrations.Editor", "MoreMountains.NiceVibrations.Editor.csproj", "{4A315B7D-16A7-3A9E-87DF-B752D50C2045}"
EndProject
Project("{FAE04EC0-301F-11D3-BF4B-00C04F79EFBC}") = "Unity.2D.PixelPerfect.Editor", "Unity.2D.PixelPerfect.Editor.csproj", "{AF2CD5B3-E6C9-7CEA-EBE1-984906A6435C}"
EndProject
Project("{FAE04EC0-301F-11D3-BF4B-00C04F79EFBC}") = "Unity.2D.Sprite.Editor", "Unity.2D.Sprite.Editor.csproj", "{0974A20A-1563-1CDE-8AC1-2B423AA3599D}"
EndProject
Project("{FAE04EC0-301F-11D3-BF4B-00C04F79EFBC}") = "Unity.2D.Common.Runtime", "Unity.2D.Common.Runtime.csproj", "{1109397C-FD2D-EF70-A7C1-AD47238CBBA1}"
EndProject
Project("{FAE04EC0-301F-11D3-BF4B-00C04F79EFBC}") = "Unity.Recorder", "Unity.Recorder.csproj", "{D5D66EBB-4665-2819-EB62-91CEAE161456}"
EndProject
Project("{FAE04EC0-301F-11D3-BF4B-00C04F79EFBC}") = "UnityEngine.Purchasing.WinRTStub", "UnityEngine.Purchasing.WinRTStub.csproj", "{409C22F4-D4A2-60CD-D908-6AD819C07B5C}"
EndProject
Project("{FAE04EC0-301F-11D3-BF4B-00C04F79EFBC}") = "Unity.Services.Core.Analytics", "Unity.Services.Core.Analytics.csproj", "{CDEE0CAC-01CB-8527-E060-6931B823670A}"
EndProject
Project("{FAE04EC0-301F-11D3-BF4B-00C04F79EFBC}") = "Google.Play.Core", "Google.Play.Core.csproj", "{C30A424A-90F0-553D-BD43-A8C48A1C1FF1}"
EndProject
Project("{FAE04EC0-301F-11D3-BF4B-00C04F79EFBC}") = "Coffee.UIParticle", "Coffee.UIParticle.csproj", "{B856A79D-F274-BD18-0425-B1CD0CD1B1EE}"
EndProject
Project("{FAE04EC0-301F-11D3-BF4B-00C04F79EFBC}") = "MaxSdk.Scripts.IntegrationManager.Editor", "MaxSdk.Scripts.IntegrationManager.Editor.csproj", "{42EF671F-F799-79B5-C38E-D49DD1FC772C}"
EndProject
Project("{FAE04EC0-301F-11D3-BF4B-00C04F79EFBC}") = "Unity.Services.Core.Environments.Internal", "Unity.Services.Core.Environments.Internal.csproj", "{A67FC6AC-FF44-EF33-61E9-06C5F5D6EDAB}"
EndProject
Project("{FAE04EC0-301F-11D3-BF4B-00C04F79EFBC}") = "UniRx.Examples", "UniRx.Examples.csproj", "{5357FFC8-55D4-416E-459C-65241683EDA3}"
EndProject
Project("{FAE04EC0-301F-11D3-BF4B-00C04F79EFBC}") = "Unity.Services.Core.Networking", "Unity.Services.Core.Networking.csproj", "{0D5CFAF0-E753-C626-C7F7-B9B62DC0861E}"
EndProject
Project("{FAE04EC0-301F-11D3-BF4B-00C04F79EFBC}") = "Unity.Services.Core.Scheduler", "Unity.Services.Core.Scheduler.csproj", "{2D81F44C-D421-A5F8-C4B7-132E245606A8}"
EndProject
Project("{FAE04EC0-301F-11D3-BF4B-00C04F79EFBC}") = "UnityEngine.Purchasing.SecurityCore", "UnityEngine.Purchasing.SecurityCore.csproj", "{708584EC-A628-891F-A144-DE2A2BAF2A7B}"
EndProject
Project("{FAE04EC0-301F-11D3-BF4B-00C04F79EFBC}") = "Unity.Mathematics.Editor", "Unity.Mathematics.Editor.csproj", "{9857F85B-48BD-8CBA-B832-40F500E08A7F}"
EndProject
Project("{FAE04EC0-301F-11D3-BF4B-00C04F79EFBC}") = "Unity.Services.Core.Telemetry", "Unity.Services.Core.Telemetry.csproj", "{921ECF35-CF8A-A9DA-FDE7-7484249C8206}"
EndProject
Project("{FAE04EC0-301F-11D3-BF4B-00C04F79EFBC}") = "Unity.2D.Tilemap.Extras", "Unity.2D.Tilemap.Extras.csproj", "{03CDFF3C-E93D-8759-34EE-94A8EB0FE522}"
EndProject
Project("{FAE04EC0-301F-11D3-BF4B-00C04F79EFBC}") = "UnityEngine.Purchasing.WinRTCore", "UnityEngine.Purchasing.WinRTCore.csproj", "{D3729FE9-03BD-9767-19DD-6B2B8D62DA8E}"
EndProject
Project("{FAE04EC0-301F-11D3-BF4B-00C04F79EFBC}") = "Purchasing.Common", "Purchasing.Common.csproj", "{E45036A0-5D17-0D9D-1DF4-FBE804375112}"
EndProject
Project("{FAE04EC0-301F-11D3-BF4B-00C04F79EFBC}") = "Unity.Services.Core.Threading", "Unity.Services.Core.Threading.csproj", "{45DA44E1-7404-C3F3-735F-BA936D634599}"
EndProject
Project("{FAE04EC0-301F-11D3-BF4B-00C04F79EFBC}") = "AppsFlyer.Editor", "AppsFlyer.Editor.csproj", "{850493F5-826A-4380-D188-B770D52DDD01}"
EndProject
Project("{FAE04EC0-301F-11D3-BF4B-00C04F79EFBC}") = "Unity.Services.Core.Device", "Unity.Services.Core.Device.csproj", "{FEF1CDDD-1DCA-34E5-5926-B2CDF3F525C0}"
EndProject
Project("{FAE04EC0-301F-11D3-BF4B-00C04F79EFBC}") = "Unity.InternalAPIEditorBridge.005", "Unity.InternalAPIEditorBridge.005.csproj", "{22AF5CCE-5318-3BB7-DB0E-72ABC333550E}"
EndProject
Project("{FAE04EC0-301F-11D3-BF4B-00C04F79EFBC}") = "Unity.ShaderGraph.Utilities", "Unity.ShaderGraph.Utilities.csproj", "{5D3B53CC-2381-32C2-B649-417A8BB657D2}"
EndProject
Project("{FAE04EC0-301F-11D3-BF4B-00C04F79EFBC}") = "UnityEngine.Purchasing.AppleCore", "UnityEngine.Purchasing.AppleCore.csproj", "{AE510705-412B-398F-BEF5-B44F4A665D7C}"
EndProject
Project("{FAE04EC0-301F-11D3-BF4B-00C04F79EFBC}") = "Unity.Recorder.Base", "Unity.Recorder.Base.csproj", "{43C09D87-F731-EA5C-F966-5B8A416B441E}"
EndProject
Project("{FAE04EC0-301F-11D3-BF4B-00C04F79EFBC}") = "Google.Play.Review", "Google.Play.Review.csproj", "{61133599-92DF-0BCD-2A0E-4C186493E0ED}"
EndProject
Project("{FAE04EC0-301F-11D3-BF4B-00C04F79EFBC}") = "MoreMountains.NiceVibrations", "MoreMountains.NiceVibrations.csproj", "{70970CDA-4B0D-4FE9-7BD8-D36A163403B3}"
EndProject
Project("{FAE04EC0-301F-11D3-BF4B-00C04F79EFBC}") = "UnityEngine.Purchasing.AppleStub", "UnityEngine.Purchasing.AppleStub.csproj", "{123ED934-EBAD-F1E6-A7BF-9A927F44314D}"
EndProject
Project("{FAE04EC0-301F-11D3-BF4B-00C04F79EFBC}") = "Unity.Collections.DocCodeSamples", "Unity.Collections.DocCodeSamples.csproj", "{3B032F59-618E-0BC7-97B6-52F22E9E1138}"
EndProject
Project("{FAE04EC0-301F-11D3-BF4B-00C04F79EFBC}") = "UnityEngine.Purchasing.SecurityStub", "UnityEngine.Purchasing.SecurityStub.csproj", "{678E438B-1321-E614-45C8-1E4AC531578F}"
EndProject
Project("{FAE04EC0-301F-11D3-BF4B-00C04F79EFBC}") = "Unity.Services.Core.Registration", "Unity.Services.Core.Registration.csproj", "{EF492C0B-9329-2E09-168D-2EA6AB4E5433}"
EndProject
Project("{FAE04EC0-301F-11D3-BF4B-00C04F79EFBC}") = "Unity.Services.Core.Environments", "Unity.Services.Core.Environments.csproj", "{566B88EC-98C7-1B56-4447-5EB2A90BF972}"
EndProject
Project("{FAE04EC0-301F-11D3-BF4B-00C04F79EFBC}") = "Sirenix.OdinInspector.Modules.UnityMathematics", "Sirenix.OdinInspector.Modules.UnityMathematics.csproj", "{E61B13B9-BC1A-9324-95E1-990DC5EF513B}"
EndProject
Project("{FAE04EC0-301F-11D3-BF4B-00C04F79EFBC}") = "Unity.Collections.BurstCompatibilityGen", "Unity.Collections.BurstCompatibilityGen.csproj", "{44AC9ECD-0DC6-A071-1207-56B56CEA47BC}"
EndProject
Project("{FAE04EC0-301F-11D3-BF4B-00C04F79EFBC}") = "Unity.RenderPipelines.Universal.Config.Runtime", "Unity.RenderPipelines.Universal.Config.Runtime.csproj", "{B906DD35-6540-F7F6-0733-DE6C9C591FB7}"
EndProject
Project("{FAE04EC0-301F-11D3-BF4B-00C04F79EFBC}") = "Unity.CollabProxy.Editor", "Unity.CollabProxy.Editor.csproj", "{7335B946-14D3-5C7D-12EF-CDAC3524344D}"
EndProject
Project("{FAE04EC0-301F-11D3-BF4B-00C04F79EFBC}") = "Unity.RenderPipelines.ShaderGraph.ShaderGraphLibrary", "Unity.RenderPipelines.ShaderGraph.ShaderGraphLibrary.csproj", "{D4469D6C-3843-43E9-A4A3-2230E26B8BBA}"
EndProject
Project("{FAE04EC0-301F-11D3-BF4B-00C04F79EFBC}") = "Unity.RenderPipelines.Core.ShaderLibrary", "Unity.RenderPipelines.Core.ShaderLibrary.csproj", "{8BA106EC-74EE-EE6C-3F4D-6E68AABE1BA5}"
EndProject
Project("{FAE04EC0-301F-11D3-BF4B-00C04F79EFBC}") = "Unity.RenderPipelines.Universal.Shaders", "Unity.RenderPipelines.Universal.Shaders.csproj", "{EBDAEDB2-E908-6727-9F1E-4B9F2C52253C}"
EndProject
Project("{FAE04EC0-301F-11D3-BF4B-00C04F79EFBC}") = "Unity.Timeline", "Unity.Timeline.Player.csproj", "{70B89FA2-40FF-8421-5128-2ADE52F0008E}"
EndProject
Project("{FAE04EC0-301F-11D3-BF4B-00C04F79EFBC}") = "Assembly-CSharp", "Assembly-CSharp.Player.csproj", "{B31AD9B0-68E0-AAF0-2C03-BDE628FEB74C}"
EndProject
Project("{FAE04EC0-301F-11D3-BF4B-00C04F79EFBC}") = "Unity.Services.Core.Internal", "Unity.Services.Core.Internal.Player.csproj", "{35FD32E0-68B7-286E-84E9-1556D43BEA4E}"
EndProject
Project("{FAE04EC0-301F-11D3-BF4B-00C04F79EFBC}") = "Unity.RenderPipelines.Universal.Runtime", "Unity.RenderPipelines.Universal.Runtime.Player.csproj", "{6A90C4C0-F139-C3A4-7BC1-23FEEC012BFF}"
EndProject
Project("{FAE04EC0-301F-11D3-BF4B-00C04F79EFBC}") = "Unity.RenderPipelines.Core.Runtime", "Unity.RenderPipelines.Core.Runtime.Player.csproj", "{9E3EF662-C6DC-C357-186E-438C50F1362E}"
EndProject
Project("{FAE04EC0-301F-11D3-BF4B-00C04F79EFBC}") = "UniRx", "UniRx.Player.csproj", "{FBA778FF-D9B7-5BD1-D22A-483D55A5A34E}"
EndProject
Project("{FAE04EC0-301F-11D3-BF4B-00C04F79EFBC}") = "MoreMountains.NiceVibrations.Demos", "MoreMountains.NiceVibrations.Demos.Player.csproj", "{D10A7F73-F519-B216-204C-71F2BADED600}"
EndProject
Project("{FAE04EC0-301F-11D3-BF4B-00C04F79EFBC}") = "Unity.Mathematics", "Unity.Mathematics.Player.csproj", "{549AA38C-0C23-4EE6-B8A3-878637E5D91A}"
EndProject
Project("{FAE04EC0-301F-11D3-BF4B-00C04F79EFBC}") = "UnityEngine.Purchasing.Stores", "UnityEngine.Purchasing.Stores.Player.csproj", "{70CD6E41-F27B-27E4-D771-E99E64570178}"
EndProject
Project("{FAE04EC0-301F-11D3-BF4B-00C04F79EFBC}") = "Unity.2D.IK.Runtime", "Unity.2D.IK.Runtime.Player.csproj", "{A1C0A928-6F14-7071-9D5D-F910BC2FBC6C}"
EndProject
Project("{FAE04EC0-301F-11D3-BF4B-00C04F79EFBC}") = "ACTk.Runtime", "ACTk.Runtime.Player.csproj", "{A4A75219-FEF2-09C8-EECD-5D17BB3716C2}"
EndProject
Project("{FAE04EC0-301F-11D3-BF4B-00C04F79EFBC}") = "MoreMountains.NiceVibrations.Haptics", "MoreMountains.NiceVibrations.Haptics.Player.csproj", "{254F1DC6-D4CE-85C8-71AA-776B1D671E89}"
EndProject
Project("{FAE04EC0-301F-11D3-BF4B-00C04F79EFBC}") = "UnityEngine.TestRunner", "UnityEngine.TestRunner.Player.csproj", "{F4EAA7FC-3BC1-9323-C8EC-F44FA973DF35}"
EndProject
Project("{FAE04EC0-301F-11D3-BF4B-00C04F79EFBC}") = "Unity.Burst", "Unity.Burst.Player.csproj", "{D530067C-F4B5-CC52-4B65-C4E7F1311FA8}"
EndProject
Project("{FAE04EC0-301F-11D3-BF4B-00C04F79EFBC}") = "UnityEngine.Purchasing", "UnityEngine.Purchasing.Player.csproj", "{F0D41EB7-7DD7-972D-96BE-449E9E2D1246}"
EndProject
Project("{FAE04EC0-301F-11D3-BF4B-00C04F79EFBC}") = "Unity.Collections", "Unity.Collections.Player.csproj", "{565A5D2D-D659-D8CF-4019-B31543575DD3}"
EndProject
Project("{FAE04EC0-301F-11D3-BF4B-00C04F79EFBC}") = "spine-unity", "spine-unity.Player.csproj", "{80B6428B-A930-0890-DD15-1E0E40FDB489}"
EndProject
Project("{FAE04EC0-301F-11D3-BF4B-00C04F79EFBC}") = "Unity.2D.SpriteShape.Runtime", "Unity.2D.SpriteShape.Runtime.Player.csproj", "{C78CB96F-4C25-5655-5EF2-60B4516DBE37}"
EndProject
Project("{FAE04EC0-301F-11D3-BF4B-00C04F79EFBC}") = "Unity.Services.Core.Configuration", "Unity.Services.Core.Configuration.Player.csproj", "{198F37C3-14FB-D263-7051-86DEF592AC93}"
EndProject
Project("{FAE04EC0-301F-11D3-BF4B-00C04F79EFBC}") = "MaxSdk.Scripts", "MaxSdk.Scripts.Player.csproj", "{096C21DF-FCE1-B5CF-6B59-12370571C356}"
EndProject
Project("{FAE04EC0-301F-11D3-BF4B-00C04F79EFBC}") = "UnityEngine.UI", "UnityEngine.UI.Player.csproj", "{A776EEA7-02EE-192C-6344-9A4C7D01143B}"
EndProject
Project("{FAE04EC0-301F-11D3-BF4B-00C04F79EFBC}") = "ACTk.Examples.Genuine.Runtime", "ACTk.Examples.Genuine.Runtime.Player.csproj", "{B79D8E01-1B98-6C11-D7C4-E2ED2CA82E53}"
EndProject
Project("{FAE04EC0-301F-11D3-BF4B-00C04F79EFBC}") = "Unity.RenderPipeline.Universal.ShaderLibrary", "Unity.RenderPipeline.Universal.ShaderLibrary.Player.csproj", "{68582D47-1824-BEB2-9B09-47853163D82E}"
EndProject
Project("{FAE04EC0-301F-11D3-BF4B-00C04F79EFBC}") = "Unity.Services.Core", "Unity.Services.Core.Player.csproj", "{C5714D3B-7C57-1FE8-C38E-14BA36D74A77}"
EndProject
Project("{FAE04EC0-301F-11D3-BF4B-00C04F79EFBC}") = "Unity.AI.Navigation", "Unity.AI.Navigation.Player.csproj", "{72C1EB80-8B7D-16D0-969D-72928A36B1B1}"
EndProject
Project("{FAE04EC0-301F-11D3-BF4B-00C04F79EFBC}") = "UnityEngine.Purchasing.Security", "UnityEngine.Purchasing.Security.Player.csproj", "{4A02A5D2-9D2E-FE96-D2C7-31E565D680C7}"
EndProject
Project("{FAE04EC0-301F-11D3-BF4B-00C04F79EFBC}") = "AppsFlyer", "AppsFlyer.Player.csproj", "{3C7E9B2C-F41D-9FB6-D8B3-3BC6283621C1}"
EndProject
Project("{FAE04EC0-301F-11D3-BF4B-00C04F79EFBC}") = "Unity.TextMeshPro", "Unity.TextMeshPro.Player.csproj", "{145921F4-6B45-02FC-838E-5CEFFC22640C}"
EndProject
Project("{FAE04EC0-301F-11D3-BF4B-00C04F79EFBC}") = "ACTk.Examples.Runtime", "ACTk.Examples.Runtime.Player.csproj", "{8861EF6D-0071-93AA-394D-53764BFA63E7}"
EndProject
Project("{FAE04EC0-301F-11D3-BF4B-00C04F79EFBC}") = "Unity.2D.Animation.Runtime", "Unity.2D.Animation.Runtime.Player.csproj", "{D44954AF-D62D-D1D9-64C1-E525AFF6EF87}"
EndProject
Project("{FAE04EC0-301F-11D3-BF4B-00C04F79EFBC}") = "Unity.InternalAPIEngineBridge.001", "Unity.InternalAPIEngineBridge.001.Player.csproj", "{426F148A-7776-3E05-4E16-5A60AA8581B3}"
EndProject
Project("{FAE04EC0-301F-11D3-BF4B-00C04F79EFBC}") = "Google.Play.Common", "Google.Play.Common.Player.csproj", "{8E19D5DD-299A-B171-503B-8420DC849574}"
EndProject
Project("{FAE04EC0-301F-11D3-BF4B-00C04F79EFBC}") = "UnityEngine.Purchasing.AppleMacosStub", "UnityEngine.Purchasing.AppleMacosStub.Player.csproj", "{56D9E0FF-B5D3-2285-0F71-8BE5A86B9181}"
EndProject
Project("{FAE04EC0-301F-11D3-BF4B-00C04F79EFBC}") = "UnityEngine.Purchasing.Codeless", "UnityEngine.Purchasing.Codeless.Player.csproj", "{E970B739-C600-2000-50A5-BE8FDE288A52}"
EndProject
Project("{FAE04EC0-301F-11D3-BF4B-00C04F79EFBC}") = "Unity.2D.PixelPerfect", "Unity.2D.PixelPerfect.Player.csproj", "{4F7A8FF8-E575-1E96-0D70-BD588E2FB04A}"
EndProject
Project("{FAE04EC0-301F-11D3-BF4B-00C04F79EFBC}") = "Unity.2D.Common.Runtime", "Unity.2D.Common.Runtime.Player.csproj", "{1BBA16A3-E9DB-60EC-94D2-EDE5426207DA}"
EndProject
Project("{FAE04EC0-301F-11D3-BF4B-00C04F79EFBC}") = "Unity.Recorder", "Unity.Recorder.Player.csproj", "{324BEF33-597C-4DFD-EAA7-DBA924E97541}"
EndProject
Project("{FAE04EC0-301F-11D3-BF4B-00C04F79EFBC}") = "UnityEngine.Purchasing.WinRTStub", "UnityEngine.Purchasing.WinRTStub.Player.csproj", "{D6697055-267D-7C5A-CE4A-6F3FE2E79D1E}"
EndProject
Project("{FAE04EC0-301F-11D3-BF4B-00C04F79EFBC}") = "Unity.Services.Core.Analytics", "Unity.Services.Core.Analytics.Player.csproj", "{7E6A3A79-AE70-4A49-99AC-C78D25A7F84A}"
EndProject
Project("{FAE04EC0-301F-11D3-BF4B-00C04F79EFBC}") = "Google.Play.Core", "Google.Play.Core.Player.csproj", "{B2F23BAC-1034-BEEC-0D41-2A2109803714}"
EndProject
Project("{FAE04EC0-301F-11D3-BF4B-00C04F79EFBC}") = "Coffee.UIParticle", "Coffee.UIParticle.Player.csproj", "{F3AE8136-9B51-008C-B8E6-1E06D313FC92}"
EndProject
Project("{FAE04EC0-301F-11D3-BF4B-00C04F79EFBC}") = "Unity.Services.Core.Environments.Internal", "Unity.Services.Core.Environments.Internal.Player.csproj", "{91682945-051F-FFF4-1660-452DC555B17D}"
EndProject
Project("{FAE04EC0-301F-11D3-BF4B-00C04F79EFBC}") = "UniRx.Examples", "UniRx.Examples.Player.csproj", "{C8A1A5EE-F8B2-A1B8-07C6-196E8C529B18}"
EndProject
Project("{FAE04EC0-301F-11D3-BF4B-00C04F79EFBC}") = "Unity.Services.Core.Networking", "Unity.Services.Core.Networking.Player.csproj", "{C36C98E1-F0B4-2C3E-73C3-0D24249D7F5F}"
EndProject
Project("{FAE04EC0-301F-11D3-BF4B-00C04F79EFBC}") = "Unity.Services.Core.Scheduler", "Unity.Services.Core.Scheduler.Player.csproj", "{53A8CEAD-209E-EFD2-94E7-1E6055083E89}"
EndProject
Project("{FAE04EC0-301F-11D3-BF4B-00C04F79EFBC}") = "UnityEngine.Purchasing.SecurityCore", "UnityEngine.Purchasing.SecurityCore.Player.csproj", "{BC772237-E1F9-F5D8-AAC4-369BD8B2DDDC}"
EndProject
Project("{FAE04EC0-301F-11D3-BF4B-00C04F79EFBC}") = "Unity.Services.Core.Telemetry", "Unity.Services.Core.Telemetry.Player.csproj", "{406B17E8-DF15-3DDF-0149-09D86798AFE5}"
EndProject
Project("{FAE04EC0-301F-11D3-BF4B-00C04F79EFBC}") = "Unity.2D.Tilemap.Extras", "Unity.2D.Tilemap.Extras.Player.csproj", "{A0A7A7EE-B277-00C2-0E04-86F94BBC3C3B}"
EndProject
Project("{FAE04EC0-301F-11D3-BF4B-00C04F79EFBC}") = "UnityEngine.Purchasing.WinRTCore", "UnityEngine.Purchasing.WinRTCore.Player.csproj", "{EFF05B18-620C-0A6C-E5F1-5A18F67C4A5D}"
EndProject
Project("{FAE04EC0-301F-11D3-BF4B-00C04F79EFBC}") = "Purchasing.Common", "Purchasing.Common.Player.csproj", "{81CB6670-02E9-D5E7-7011-10C326889EA9}"
EndProject
Project("{FAE04EC0-301F-11D3-BF4B-00C04F79EFBC}") = "Unity.Services.Core.Threading", "Unity.Services.Core.Threading.Player.csproj", "{3D3B9253-622C-A714-B49E-20D49021B0CB}"
EndProject
Project("{FAE04EC0-301F-11D3-BF4B-00C04F79EFBC}") = "Unity.Services.Core.Device", "Unity.Services.Core.Device.Player.csproj", "{7AF3C616-16BB-05FE-126A-8D3CEF8E5171}"
EndProject
Project("{FAE04EC0-301F-11D3-BF4B-00C04F79EFBC}") = "UnityEngine.Purchasing.AppleCore", "UnityEngine.Purchasing.AppleCore.Player.csproj", "{CF374A42-8288-AB83-5340-ED357061F8EE}"
EndProject
Project("{FAE04EC0-301F-11D3-BF4B-00C04F79EFBC}") = "Unity.Recorder.Base", "Unity.Recorder.Base.Player.csproj", "{3B734ED2-C731-40D1-777B-5A33F4D2EBAB}"
EndProject
Project("{FAE04EC0-301F-11D3-BF4B-00C04F79EFBC}") = "Google.Play.Review", "Google.Play.Review.Player.csproj", "{23C92705-60CF-A8DA-E290-1D9BB278D8B1}"
EndProject
Project("{FAE04EC0-301F-11D3-BF4B-00C04F79EFBC}") = "MoreMountains.NiceVibrations", "MoreMountains.NiceVibrations.Player.csproj", "{941BDC64-7E21-CB60-A550-F15534519BDF}"
EndProject
Project("{FAE04EC0-301F-11D3-BF4B-00C04F79EFBC}") = "UnityEngine.Purchasing.AppleStub", "UnityEngine.Purchasing.AppleStub.Player.csproj", "{B56735A8-DDF6-70CF-978F-5B740C34A265}"
EndProject
Project("{FAE04EC0-301F-11D3-BF4B-00C04F79EFBC}") = "Unity.Services.Core.Registration", "Unity.Services.Core.Registration.Player.csproj", "{59D37D70-CA7B-BF55-80B9-865A4CDD926E}"
EndProject
Project("{FAE04EC0-301F-11D3-BF4B-00C04F79EFBC}") = "Unity.Services.Core.Environments", "Unity.Services.Core.Environments.Player.csproj", "{543A6AB9-0570-633D-21BD-34FBE66A0935}"
EndProject
Project("{FAE04EC0-301F-11D3-BF4B-00C04F79EFBC}") = "Unity.RenderPipelines.Universal.Config.Runtime", "Unity.RenderPipelines.Universal.Config.Runtime.Player.csproj", "{95378FDE-0395-81A6-9277-A31C876099B9}"
EndProject
Project("{FAE04EC0-301F-11D3-BF4B-00C04F79EFBC}") = "Unity.RenderPipelines.ShaderGraph.ShaderGraphLibrary", "Unity.RenderPipelines.ShaderGraph.ShaderGraphLibrary.Player.csproj", "{EC1A9D6A-DFFA-B46A-D115-41C73CA06CC3}"
EndProject
Project("{FAE04EC0-301F-11D3-BF4B-00C04F79EFBC}") = "Unity.RenderPipelines.Core.ShaderLibrary", "Unity.RenderPipelines.Core.ShaderLibrary.Player.csproj", "{28EB3681-5240-19D9-4F64-1B6696DA041B}"
EndProject
Project("{FAE04EC0-301F-11D3-BF4B-00C04F79EFBC}") = "Unity.RenderPipelines.Universal.Shaders", "Unity.RenderPipelines.Universal.Shaders.Player.csproj", "{72B77386-5F45-EFD9-CBD8-1EBD61536AD8}"
EndProject
Global
	GlobalSection(SolutionConfigurationPlatforms) = preSolution
		Debug|Any CPU = Debug|Any CPU
		Release|Any CPU = Release|Any CPU
	EndGlobalSection
	GlobalSection(ProjectConfigurationPlatforms) = postSolution
		{610BE55E-0C26-8C97-27A7-80AB1250C6A8}.Debug|Any CPU.ActiveCfg = Debug|Any CPU
		{610BE55E-0C26-8C97-27A7-80AB1250C6A8}.Debug|Any CPU.Build.0 = Debug|Any CPU
		{610BE55E-0C26-8C97-27A7-80AB1250C6A8}.Release|Any CPU.ActiveCfg = Release|Any CPU
		{610BE55E-0C26-8C97-27A7-80AB1250C6A8}.Release|Any CPU.Build.0 = Release|Any CPU
		{255E5FCA-09DD-B580-964C-3A37E6F74F75}.Debug|Any CPU.ActiveCfg = Debug|Any CPU
		{255E5FCA-09DD-B580-964C-3A37E6F74F75}.Debug|Any CPU.Build.0 = Debug|Any CPU
		{255E5FCA-09DD-B580-964C-3A37E6F74F75}.Release|Any CPU.ActiveCfg = Release|Any CPU
		{255E5FCA-09DD-B580-964C-3A37E6F74F75}.Release|Any CPU.Build.0 = Release|Any CPU
		{4548C7A6-7561-C846-27DD-AFB0EDB0E672}.Debug|Any CPU.ActiveCfg = Debug|Any CPU
		{4548C7A6-7561-C846-27DD-AFB0EDB0E672}.Debug|Any CPU.Build.0 = Debug|Any CPU
		{4548C7A6-7561-C846-27DD-AFB0EDB0E672}.Release|Any CPU.ActiveCfg = Release|Any CPU
		{4548C7A6-7561-C846-27DD-AFB0EDB0E672}.Release|Any CPU.Build.0 = Release|Any CPU
		{AECC65CA-AA59-58D8-B690-122F5C0C2C7A}.Debug|Any CPU.ActiveCfg = Debug|Any CPU
		{AECC65CA-AA59-58D8-B690-122F5C0C2C7A}.Debug|Any CPU.Build.0 = Debug|Any CPU
		{AECC65CA-AA59-58D8-B690-122F5C0C2C7A}.Release|Any CPU.ActiveCfg = Release|Any CPU
		{AECC65CA-AA59-58D8-B690-122F5C0C2C7A}.Release|Any CPU.Build.0 = Release|Any CPU
		{D0AB50A8-A664-60F5-5E18-35A4FB29BC4F}.Debug|Any CPU.ActiveCfg = Debug|Any CPU
		{D0AB50A8-A664-60F5-5E18-35A4FB29BC4F}.Debug|Any CPU.Build.0 = Debug|Any CPU
		{D0AB50A8-A664-60F5-5E18-35A4FB29BC4F}.Release|Any CPU.ActiveCfg = Release|Any CPU
		{D0AB50A8-A664-60F5-5E18-35A4FB29BC4F}.Release|Any CPU.Build.0 = Release|Any CPU
		{F9F43357-92F0-A82D-4CF4-79350F1801FD}.Debug|Any CPU.ActiveCfg = Debug|Any CPU
		{F9F43357-92F0-A82D-4CF4-79350F1801FD}.Debug|Any CPU.Build.0 = Debug|Any CPU
		{F9F43357-92F0-A82D-4CF4-79350F1801FD}.Release|Any CPU.ActiveCfg = Release|Any CPU
		{F9F43357-92F0-A82D-4CF4-79350F1801FD}.Release|Any CPU.Build.0 = Release|Any CPU
		{F61B94AD-41B1-A656-5278-A3AB78634A4A}.Debug|Any CPU.ActiveCfg = Debug|Any CPU
		{F61B94AD-41B1-A656-5278-A3AB78634A4A}.Debug|Any CPU.Build.0 = Debug|Any CPU
		{F61B94AD-41B1-A656-5278-A3AB78634A4A}.Release|Any CPU.ActiveCfg = Release|Any CPU
		{F61B94AD-41B1-A656-5278-A3AB78634A4A}.Release|Any CPU.Build.0 = Release|Any CPU
		{8ADFFD59-433D-9E54-3158-E096B0714DDD}.Debug|Any CPU.ActiveCfg = Debug|Any CPU
		{8ADFFD59-433D-9E54-3158-E096B0714DDD}.Debug|Any CPU.Build.0 = Debug|Any CPU
		{8ADFFD59-433D-9E54-3158-E096B0714DDD}.Release|Any CPU.ActiveCfg = Release|Any CPU
		{8ADFFD59-433D-9E54-3158-E096B0714DDD}.Release|Any CPU.Build.0 = Release|Any CPU
		{E8ABC554-72BA-FFA4-9928-67A398DAEE9D}.Debug|Any CPU.ActiveCfg = Debug|Any CPU
		{E8ABC554-72BA-FFA4-9928-67A398DAEE9D}.Debug|Any CPU.Build.0 = Debug|Any CPU
		{E8ABC554-72BA-FFA4-9928-67A398DAEE9D}.Release|Any CPU.ActiveCfg = Release|Any CPU
		{E8ABC554-72BA-FFA4-9928-67A398DAEE9D}.Release|Any CPU.Build.0 = Release|Any CPU
		{67E1F189-1F00-9411-51AB-DD554F30F817}.Debug|Any CPU.ActiveCfg = Debug|Any CPU
		{67E1F189-1F00-9411-51AB-DD554F30F817}.Debug|Any CPU.Build.0 = Debug|Any CPU
		{67E1F189-1F00-9411-51AB-DD554F30F817}.Release|Any CPU.ActiveCfg = Release|Any CPU
		{67E1F189-1F00-9411-51AB-DD554F30F817}.Release|Any CPU.Build.0 = Release|Any CPU
		{37A725E5-F08F-7622-4BE2-DD53964ABDCE}.Debug|Any CPU.ActiveCfg = Debug|Any CPU
		{37A725E5-F08F-7622-4BE2-DD53964ABDCE}.Debug|Any CPU.Build.0 = Debug|Any CPU
		{37A725E5-F08F-7622-4BE2-DD53964ABDCE}.Release|Any CPU.ActiveCfg = Release|Any CPU
		{37A725E5-F08F-7622-4BE2-DD53964ABDCE}.Release|Any CPU.Build.0 = Release|Any CPU
		{768F43CF-01F9-1BD6-A392-0512B9A8D9CE}.Debug|Any CPU.ActiveCfg = Debug|Any CPU
		{768F43CF-01F9-1BD6-A392-0512B9A8D9CE}.Debug|Any CPU.Build.0 = Debug|Any CPU
		{768F43CF-01F9-1BD6-A392-0512B9A8D9CE}.Release|Any CPU.ActiveCfg = Release|Any CPU
		{768F43CF-01F9-1BD6-A392-0512B9A8D9CE}.Release|Any CPU.Build.0 = Release|Any CPU
		{E5899EF2-E764-FD0F-5F02-0A477A41DDD8}.Debug|Any CPU.ActiveCfg = Debug|Any CPU
		{E5899EF2-E764-FD0F-5F02-0A477A41DDD8}.Debug|Any CPU.Build.0 = Debug|Any CPU
		{E5899EF2-E764-FD0F-5F02-0A477A41DDD8}.Release|Any CPU.ActiveCfg = Release|Any CPU
		{E5899EF2-E764-FD0F-5F02-0A477A41DDD8}.Release|Any CPU.Build.0 = Release|Any CPU
		{28D152C1-C267-86AF-32D4-CD385B97F0E1}.Debug|Any CPU.ActiveCfg = Debug|Any CPU
		{28D152C1-C267-86AF-32D4-CD385B97F0E1}.Debug|Any CPU.Build.0 = Debug|Any CPU
		{28D152C1-C267-86AF-32D4-CD385B97F0E1}.Release|Any CPU.ActiveCfg = Release|Any CPU
		{28D152C1-C267-86AF-32D4-CD385B97F0E1}.Release|Any CPU.Build.0 = Release|Any CPU
		{B383DD8E-BCB2-6A85-DD6A-4612A1394AF1}.Debug|Any CPU.ActiveCfg = Debug|Any CPU
		{B383DD8E-BCB2-6A85-DD6A-4612A1394AF1}.Debug|Any CPU.Build.0 = Debug|Any CPU
		{B383DD8E-BCB2-6A85-DD6A-4612A1394AF1}.Release|Any CPU.ActiveCfg = Release|Any CPU
		{B383DD8E-BCB2-6A85-DD6A-4612A1394AF1}.Release|Any CPU.Build.0 = Release|Any CPU
		{5117F75F-6185-55EC-611A-E2F246B83C64}.Debug|Any CPU.ActiveCfg = Debug|Any CPU
		{5117F75F-6185-55EC-611A-E2F246B83C64}.Debug|Any CPU.Build.0 = Debug|Any CPU
		{5117F75F-6185-55EC-611A-E2F246B83C64}.Release|Any CPU.ActiveCfg = Release|Any CPU
		{5117F75F-6185-55EC-611A-E2F246B83C64}.Release|Any CPU.Build.0 = Release|Any CPU
		{8FFBD7AD-BB0D-48FB-A713-45B9581BE7B1}.Debug|Any CPU.ActiveCfg = Debug|Any CPU
		{8FFBD7AD-BB0D-48FB-A713-45B9581BE7B1}.Debug|Any CPU.Build.0 = Debug|Any CPU
		{8FFBD7AD-BB0D-48FB-A713-45B9581BE7B1}.Release|Any CPU.ActiveCfg = Release|Any CPU
		{8FFBD7AD-BB0D-48FB-A713-45B9581BE7B1}.Release|Any CPU.Build.0 = Release|Any CPU
		{D3450152-2009-448F-9E26-C15B4A9FF645}.Debug|Any CPU.ActiveCfg = Debug|Any CPU
		{D3450152-2009-448F-9E26-C15B4A9FF645}.Debug|Any CPU.Build.0 = Debug|Any CPU
		{D3450152-2009-448F-9E26-C15B4A9FF645}.Release|Any CPU.ActiveCfg = Release|Any CPU
		{D3450152-2009-448F-9E26-C15B4A9FF645}.Release|Any CPU.Build.0 = Release|Any CPU
		{FF527A18-6B37-4E42-631B-ACDFB66537CD}.Debug|Any CPU.ActiveCfg = Debug|Any CPU
		{FF527A18-6B37-4E42-631B-ACDFB66537CD}.Debug|Any CPU.Build.0 = Debug|Any CPU
		{FF527A18-6B37-4E42-631B-ACDFB66537CD}.Release|Any CPU.ActiveCfg = Release|Any CPU
		{FF527A18-6B37-4E42-631B-ACDFB66537CD}.Release|Any CPU.Build.0 = Release|Any CPU
		{15851D96-749A-DB95-0E85-524872F35218}.Debug|Any CPU.ActiveCfg = Debug|Any CPU
		{15851D96-749A-DB95-0E85-524872F35218}.Debug|Any CPU.Build.0 = Debug|Any CPU
		{15851D96-749A-DB95-0E85-524872F35218}.Release|Any CPU.ActiveCfg = Release|Any CPU
		{15851D96-749A-DB95-0E85-524872F35218}.Release|Any CPU.Build.0 = Release|Any CPU
		{621A0A75-E47E-BD8C-F24E-A7B32343E0B9}.Debug|Any CPU.ActiveCfg = Debug|Any CPU
		{621A0A75-E47E-BD8C-F24E-A7B32343E0B9}.Debug|Any CPU.Build.0 = Debug|Any CPU
		{621A0A75-E47E-BD8C-F24E-A7B32343E0B9}.Release|Any CPU.ActiveCfg = Release|Any CPU
		{621A0A75-E47E-BD8C-F24E-A7B32343E0B9}.Release|Any CPU.Build.0 = Release|Any CPU
		{8D387688-0E99-3987-9DAA-131140CA7F9D}.Debug|Any CPU.ActiveCfg = Debug|Any CPU
		{8D387688-0E99-3987-9DAA-131140CA7F9D}.Debug|Any CPU.Build.0 = Debug|Any CPU
		{8D387688-0E99-3987-9DAA-131140CA7F9D}.Release|Any CPU.ActiveCfg = Release|Any CPU
		{8D387688-0E99-3987-9DAA-131140CA7F9D}.Release|Any CPU.Build.0 = Release|Any CPU
		{5E0721BE-100D-CD0D-CAFB-7B2E23A0A824}.Debug|Any CPU.ActiveCfg = Debug|Any CPU
		{5E0721BE-100D-CD0D-CAFB-7B2E23A0A824}.Debug|Any CPU.Build.0 = Debug|Any CPU
		{5E0721BE-100D-CD0D-CAFB-7B2E23A0A824}.Release|Any CPU.ActiveCfg = Release|Any CPU
		{5E0721BE-100D-CD0D-CAFB-7B2E23A0A824}.Release|Any CPU.Build.0 = Release|Any CPU
		{A155E7BF-5C6D-4EA5-33B1-BA6D80A333A3}.Debug|Any CPU.ActiveCfg = Debug|Any CPU
		{A155E7BF-5C6D-4EA5-33B1-BA6D80A333A3}.Debug|Any CPU.Build.0 = Debug|Any CPU
		{A155E7BF-5C6D-4EA5-33B1-BA6D80A333A3}.Release|Any CPU.ActiveCfg = Release|Any CPU
		{A155E7BF-5C6D-4EA5-33B1-BA6D80A333A3}.Release|Any CPU.Build.0 = Release|Any CPU
		{4370D5B3-B5E9-9B4E-0DC9-E08AFD7DD3E2}.Debug|Any CPU.ActiveCfg = Debug|Any CPU
		{4370D5B3-B5E9-9B4E-0DC9-E08AFD7DD3E2}.Debug|Any CPU.Build.0 = Debug|Any CPU
		{4370D5B3-B5E9-9B4E-0DC9-E08AFD7DD3E2}.Release|Any CPU.ActiveCfg = Release|Any CPU
		{4370D5B3-B5E9-9B4E-0DC9-E08AFD7DD3E2}.Release|Any CPU.Build.0 = Release|Any CPU
		{8CDF837A-FE3C-19A2-A4A4-E50B097A02E0}.Debug|Any CPU.ActiveCfg = Debug|Any CPU
		{8CDF837A-FE3C-19A2-A4A4-E50B097A02E0}.Debug|Any CPU.Build.0 = Debug|Any CPU
		{8CDF837A-FE3C-19A2-A4A4-E50B097A02E0}.Release|Any CPU.ActiveCfg = Release|Any CPU
		{8CDF837A-FE3C-19A2-A4A4-E50B097A02E0}.Release|Any CPU.Build.0 = Release|Any CPU
		{E5FF6B0B-DDFF-7D24-C61C-0B09CB88216B}.Debug|Any CPU.ActiveCfg = Debug|Any CPU
		{E5FF6B0B-DDFF-7D24-C61C-0B09CB88216B}.Debug|Any CPU.Build.0 = Debug|Any CPU
		{E5FF6B0B-DDFF-7D24-C61C-0B09CB88216B}.Release|Any CPU.ActiveCfg = Release|Any CPU
		{E5FF6B0B-DDFF-7D24-C61C-0B09CB88216B}.Release|Any CPU.Build.0 = Release|Any CPU
		{DEC96CB4-772E-7E2E-EC7C-7CD6CBD062F3}.Debug|Any CPU.ActiveCfg = Debug|Any CPU
		{DEC96CB4-772E-7E2E-EC7C-7CD6CBD062F3}.Debug|Any CPU.Build.0 = Debug|Any CPU
		{DEC96CB4-772E-7E2E-EC7C-7CD6CBD062F3}.Release|Any CPU.ActiveCfg = Release|Any CPU
		{DEC96CB4-772E-7E2E-EC7C-7CD6CBD062F3}.Release|Any CPU.Build.0 = Release|Any CPU
		{7FE07F46-CF9F-07DD-625A-67BEDEDD5854}.Debug|Any CPU.ActiveCfg = Debug|Any CPU
		{7FE07F46-CF9F-07DD-625A-67BEDEDD5854}.Debug|Any CPU.Build.0 = Debug|Any CPU
		{7FE07F46-CF9F-07DD-625A-67BEDEDD5854}.Release|Any CPU.ActiveCfg = Release|Any CPU
		{7FE07F46-CF9F-07DD-625A-67BEDEDD5854}.Release|Any CPU.Build.0 = Release|Any CPU
		{E447BE57-E612-C1BA-38E1-FB951607522F}.Debug|Any CPU.ActiveCfg = Debug|Any CPU
		{E447BE57-E612-C1BA-38E1-FB951607522F}.Debug|Any CPU.Build.0 = Debug|Any CPU
		{E447BE57-E612-C1BA-38E1-FB951607522F}.Release|Any CPU.ActiveCfg = Release|Any CPU
		{E447BE57-E612-C1BA-38E1-FB951607522F}.Release|Any CPU.Build.0 = Release|Any CPU
		{21C0EF92-9723-D27F-B45F-E26AFC1DA309}.Debug|Any CPU.ActiveCfg = Debug|Any CPU
		{21C0EF92-9723-D27F-B45F-E26AFC1DA309}.Debug|Any CPU.Build.0 = Debug|Any CPU
		{21C0EF92-9723-D27F-B45F-E26AFC1DA309}.Release|Any CPU.ActiveCfg = Release|Any CPU
		{21C0EF92-9723-D27F-B45F-E26AFC1DA309}.Release|Any CPU.Build.0 = Release|Any CPU
		{BEC03F5A-11BE-7D95-69F5-B8356474E8BF}.Debug|Any CPU.ActiveCfg = Debug|Any CPU
		{BEC03F5A-11BE-7D95-69F5-B8356474E8BF}.Debug|Any CPU.Build.0 = Debug|Any CPU
		{BEC03F5A-11BE-7D95-69F5-B8356474E8BF}.Release|Any CPU.ActiveCfg = Release|Any CPU
		{BEC03F5A-11BE-7D95-69F5-B8356474E8BF}.Release|Any CPU.Build.0 = Release|Any CPU
		{995C1C30-D9A7-3B3E-EB05-0FC91807840E}.Debug|Any CPU.ActiveCfg = Debug|Any CPU
		{995C1C30-D9A7-3B3E-EB05-0FC91807840E}.Debug|Any CPU.Build.0 = Debug|Any CPU
		{995C1C30-D9A7-3B3E-EB05-0FC91807840E}.Release|Any CPU.ActiveCfg = Release|Any CPU
		{995C1C30-D9A7-3B3E-EB05-0FC91807840E}.Release|Any CPU.Build.0 = Release|Any CPU
		{83D75582-FE02-0A2E-411C-1B63FA66B811}.Debug|Any CPU.ActiveCfg = Debug|Any CPU
		{83D75582-FE02-0A2E-411C-1B63FA66B811}.Debug|Any CPU.Build.0 = Debug|Any CPU
		{83D75582-FE02-0A2E-411C-1B63FA66B811}.Release|Any CPU.ActiveCfg = Release|Any CPU
		{83D75582-FE02-0A2E-411C-1B63FA66B811}.Release|Any CPU.Build.0 = Release|Any CPU
		{9E6064D6-7D1A-F378-1880-BAA3130D56F2}.Debug|Any CPU.ActiveCfg = Debug|Any CPU
		{9E6064D6-7D1A-F378-1880-BAA3130D56F2}.Debug|Any CPU.Build.0 = Debug|Any CPU
		{9E6064D6-7D1A-F378-1880-BAA3130D56F2}.Release|Any CPU.ActiveCfg = Release|Any CPU
		{9E6064D6-7D1A-F378-1880-BAA3130D56F2}.Release|Any CPU.Build.0 = Release|Any CPU
		{894DFFEC-7EB1-4EBB-BC31-957B6971A231}.Debug|Any CPU.ActiveCfg = Debug|Any CPU
		{894DFFEC-7EB1-4EBB-BC31-957B6971A231}.Debug|Any CPU.Build.0 = Debug|Any CPU
		{894DFFEC-7EB1-4EBB-BC31-957B6971A231}.Release|Any CPU.ActiveCfg = Release|Any CPU
		{894DFFEC-7EB1-4EBB-BC31-957B6971A231}.Release|Any CPU.Build.0 = Release|Any CPU
		{58AFE7C9-C45D-C267-FDC8-B6C5EDB76303}.Debug|Any CPU.ActiveCfg = Debug|Any CPU
		{58AFE7C9-C45D-C267-FDC8-B6C5EDB76303}.Debug|Any CPU.Build.0 = Debug|Any CPU
		{58AFE7C9-C45D-C267-FDC8-B6C5EDB76303}.Release|Any CPU.ActiveCfg = Release|Any CPU
		{58AFE7C9-C45D-C267-FDC8-B6C5EDB76303}.Release|Any CPU.Build.0 = Release|Any CPU
		{2A34009D-947A-268C-F201-ACF3100C49E3}.Debug|Any CPU.ActiveCfg = Debug|Any CPU
		{2A34009D-947A-268C-F201-ACF3100C49E3}.Debug|Any CPU.Build.0 = Debug|Any CPU
		{2A34009D-947A-268C-F201-ACF3100C49E3}.Release|Any CPU.ActiveCfg = Release|Any CPU
		{2A34009D-947A-268C-F201-ACF3100C49E3}.Release|Any CPU.Build.0 = Release|Any CPU
		{7620C523-98BF-EBC3-F767-15E89703361E}.Debug|Any CPU.ActiveCfg = Debug|Any CPU
		{7620C523-98BF-EBC3-F767-15E89703361E}.Debug|Any CPU.Build.0 = Debug|Any CPU
		{7620C523-98BF-EBC3-F767-15E89703361E}.Release|Any CPU.ActiveCfg = Release|Any CPU
		{7620C523-98BF-EBC3-F767-15E89703361E}.Release|Any CPU.Build.0 = Release|Any CPU
		{C0E36E5E-91D5-CE8B-55CB-9DE829089095}.Debug|Any CPU.ActiveCfg = Debug|Any CPU
		{C0E36E5E-91D5-CE8B-55CB-9DE829089095}.Debug|Any CPU.Build.0 = Debug|Any CPU
		{C0E36E5E-91D5-CE8B-55CB-9DE829089095}.Release|Any CPU.ActiveCfg = Release|Any CPU
		{C0E36E5E-91D5-CE8B-55CB-9DE829089095}.Release|Any CPU.Build.0 = Release|Any CPU
		{DC9E9EC6-E506-06C6-5860-39FBD7B9B37C}.Debug|Any CPU.ActiveCfg = Debug|Any CPU
		{DC9E9EC6-E506-06C6-5860-39FBD7B9B37C}.Debug|Any CPU.Build.0 = Debug|Any CPU
		{DC9E9EC6-E506-06C6-5860-39FBD7B9B37C}.Release|Any CPU.ActiveCfg = Release|Any CPU
		{DC9E9EC6-E506-06C6-5860-39FBD7B9B37C}.Release|Any CPU.Build.0 = Release|Any CPU
		{3A055C5F-5ACC-A0D0-F2A4-0D142699A1C1}.Debug|Any CPU.ActiveCfg = Debug|Any CPU
		{3A055C5F-5ACC-A0D0-F2A4-0D142699A1C1}.Debug|Any CPU.Build.0 = Debug|Any CPU
		{3A055C5F-5ACC-A0D0-F2A4-0D142699A1C1}.Release|Any CPU.ActiveCfg = Release|Any CPU
		{3A055C5F-5ACC-A0D0-F2A4-0D142699A1C1}.Release|Any CPU.Build.0 = Release|Any CPU
		{63EC67E7-4D69-9E0D-4C48-600A64DAD194}.Debug|Any CPU.ActiveCfg = Debug|Any CPU
		{63EC67E7-4D69-9E0D-4C48-600A64DAD194}.Debug|Any CPU.Build.0 = Debug|Any CPU
		{63EC67E7-4D69-9E0D-4C48-600A64DAD194}.Release|Any CPU.ActiveCfg = Release|Any CPU
		{63EC67E7-4D69-9E0D-4C48-600A64DAD194}.Release|Any CPU.Build.0 = Release|Any CPU
		{BE0A9FE7-2463-5305-F0C3-42B72C32D9E6}.Debug|Any CPU.ActiveCfg = Debug|Any CPU
		{BE0A9FE7-2463-5305-F0C3-42B72C32D9E6}.Debug|Any CPU.Build.0 = Debug|Any CPU
		{BE0A9FE7-2463-5305-F0C3-42B72C32D9E6}.Release|Any CPU.ActiveCfg = Release|Any CPU
		{BE0A9FE7-2463-5305-F0C3-42B72C32D9E6}.Release|Any CPU.Build.0 = Release|Any CPU
		{0BA96B59-DAEC-4D7B-CFE5-022CD96B4FFB}.Debug|Any CPU.ActiveCfg = Debug|Any CPU
		{0BA96B59-DAEC-4D7B-CFE5-022CD96B4FFB}.Debug|Any CPU.Build.0 = Debug|Any CPU
		{0BA96B59-DAEC-4D7B-CFE5-022CD96B4FFB}.Release|Any CPU.ActiveCfg = Release|Any CPU
		{0BA96B59-DAEC-4D7B-CFE5-022CD96B4FFB}.Release|Any CPU.Build.0 = Release|Any CPU
		{E9C7460C-FAA3-E1FA-444F-119A173F3F05}.Debug|Any CPU.ActiveCfg = Debug|Any CPU
		{E9C7460C-FAA3-E1FA-444F-119A173F3F05}.Debug|Any CPU.Build.0 = Debug|Any CPU
		{E9C7460C-FAA3-E1FA-444F-119A173F3F05}.Release|Any CPU.ActiveCfg = Release|Any CPU
		{E9C7460C-FAA3-E1FA-444F-119A173F3F05}.Release|Any CPU.Build.0 = Release|Any CPU
		{18C350F1-AB3C-7567-528C-89FC72A726E0}.Debug|Any CPU.ActiveCfg = Debug|Any CPU
		{18C350F1-AB3C-7567-528C-89FC72A726E0}.Debug|Any CPU.Build.0 = Debug|Any CPU
		{18C350F1-AB3C-7567-528C-89FC72A726E0}.Release|Any CPU.ActiveCfg = Release|Any CPU
		{18C350F1-AB3C-7567-528C-89FC72A726E0}.Release|Any CPU.Build.0 = Release|Any CPU
		{E377F24B-4595-8B72-A7C9-326D613E7F0D}.Debug|Any CPU.ActiveCfg = Debug|Any CPU
		{E377F24B-4595-8B72-A7C9-326D613E7F0D}.Debug|Any CPU.Build.0 = Debug|Any CPU
		{E377F24B-4595-8B72-A7C9-326D613E7F0D}.Release|Any CPU.ActiveCfg = Release|Any CPU
		{E377F24B-4595-8B72-A7C9-326D613E7F0D}.Release|Any CPU.Build.0 = Release|Any CPU
		{99B4432F-C12C-F8C8-6E90-728AE00FCBDB}.Debug|Any CPU.ActiveCfg = Debug|Any CPU
		{99B4432F-C12C-F8C8-6E90-728AE00FCBDB}.Debug|Any CPU.Build.0 = Debug|Any CPU
		{99B4432F-C12C-F8C8-6E90-728AE00FCBDB}.Release|Any CPU.ActiveCfg = Release|Any CPU
		{99B4432F-C12C-F8C8-6E90-728AE00FCBDB}.Release|Any CPU.Build.0 = Release|Any CPU
		{26E93A97-7EA0-48E3-A13C-A666425051AF}.Debug|Any CPU.ActiveCfg = Debug|Any CPU
		{26E93A97-7EA0-48E3-A13C-A666425051AF}.Debug|Any CPU.Build.0 = Debug|Any CPU
		{26E93A97-7EA0-48E3-A13C-A666425051AF}.Release|Any CPU.ActiveCfg = Release|Any CPU
		{26E93A97-7EA0-48E3-A13C-A666425051AF}.Release|Any CPU.Build.0 = Release|Any CPU
		{9FE0CCA2-998A-9E3F-3F58-4A6192F938EF}.Debug|Any CPU.ActiveCfg = Debug|Any CPU
		{9FE0CCA2-998A-9E3F-3F58-4A6192F938EF}.Debug|Any CPU.Build.0 = Debug|Any CPU
		{9FE0CCA2-998A-9E3F-3F58-4A6192F938EF}.Release|Any CPU.ActiveCfg = Release|Any CPU
		{9FE0CCA2-998A-9E3F-3F58-4A6192F938EF}.Release|Any CPU.Build.0 = Release|Any CPU
		{8F22E8A7-BE7B-858A-D38D-7E85C707DD4A}.Debug|Any CPU.ActiveCfg = Debug|Any CPU
		{8F22E8A7-BE7B-858A-D38D-7E85C707DD4A}.Debug|Any CPU.Build.0 = Debug|Any CPU
		{8F22E8A7-BE7B-858A-D38D-7E85C707DD4A}.Release|Any CPU.ActiveCfg = Release|Any CPU
		{8F22E8A7-BE7B-858A-D38D-7E85C707DD4A}.Release|Any CPU.Build.0 = Release|Any CPU
		{2A49B48D-E34A-D11D-15B2-BE0D48C5E1C0}.Debug|Any CPU.ActiveCfg = Debug|Any CPU
		{2A49B48D-E34A-D11D-15B2-BE0D48C5E1C0}.Debug|Any CPU.Build.0 = Debug|Any CPU
		{2A49B48D-E34A-D11D-15B2-BE0D48C5E1C0}.Release|Any CPU.ActiveCfg = Release|Any CPU
		{2A49B48D-E34A-D11D-15B2-BE0D48C5E1C0}.Release|Any CPU.Build.0 = Release|Any CPU
		{3F299F8F-8CDD-7272-457C-662284D40159}.Debug|Any CPU.ActiveCfg = Debug|Any CPU
		{3F299F8F-8CDD-7272-457C-662284D40159}.Debug|Any CPU.Build.0 = Debug|Any CPU
		{3F299F8F-8CDD-7272-457C-662284D40159}.Release|Any CPU.ActiveCfg = Release|Any CPU
		{3F299F8F-8CDD-7272-457C-662284D40159}.Release|Any CPU.Build.0 = Release|Any CPU
		{58A867ED-5647-560B-4D5A-FBA290A4EDBD}.Debug|Any CPU.ActiveCfg = Debug|Any CPU
		{58A867ED-5647-560B-4D5A-FBA290A4EDBD}.Debug|Any CPU.Build.0 = Debug|Any CPU
		{58A867ED-5647-560B-4D5A-FBA290A4EDBD}.Release|Any CPU.ActiveCfg = Release|Any CPU
		{58A867ED-5647-560B-4D5A-FBA290A4EDBD}.Release|Any CPU.Build.0 = Release|Any CPU
		{10814D03-E717-40AA-98E9-48188CC1B221}.Debug|Any CPU.ActiveCfg = Debug|Any CPU
		{10814D03-E717-40AA-98E9-48188CC1B221}.Debug|Any CPU.Build.0 = Debug|Any CPU
		{10814D03-E717-40AA-98E9-48188CC1B221}.Release|Any CPU.ActiveCfg = Release|Any CPU
		{10814D03-E717-40AA-98E9-48188CC1B221}.Release|Any CPU.Build.0 = Release|Any CPU
		{E9820D60-3D64-95A8-FDBA-97092FC76BB2}.Debug|Any CPU.ActiveCfg = Debug|Any CPU
		{E9820D60-3D64-95A8-FDBA-97092FC76BB2}.Debug|Any CPU.Build.0 = Debug|Any CPU
		{E9820D60-3D64-95A8-FDBA-97092FC76BB2}.Release|Any CPU.ActiveCfg = Release|Any CPU
		{E9820D60-3D64-95A8-FDBA-97092FC76BB2}.Release|Any CPU.Build.0 = Release|Any CPU
		{4EE532DB-E04D-868B-DC98-D7ECC2C934F4}.Debug|Any CPU.ActiveCfg = Debug|Any CPU
		{4EE532DB-E04D-868B-DC98-D7ECC2C934F4}.Debug|Any CPU.Build.0 = Debug|Any CPU
		{4EE532DB-E04D-868B-DC98-D7ECC2C934F4}.Release|Any CPU.ActiveCfg = Release|Any CPU
		{4EE532DB-E04D-868B-DC98-D7ECC2C934F4}.Release|Any CPU.Build.0 = Release|Any CPU
		{3994B6F0-E6AB-BE70-0FCD-767F88778F10}.Debug|Any CPU.ActiveCfg = Debug|Any CPU
		{3994B6F0-E6AB-BE70-0FCD-767F88778F10}.Debug|Any CPU.Build.0 = Debug|Any CPU
		{3994B6F0-E6AB-BE70-0FCD-767F88778F10}.Release|Any CPU.ActiveCfg = Release|Any CPU
		{3994B6F0-E6AB-BE70-0FCD-767F88778F10}.Release|Any CPU.Build.0 = Release|Any CPU
		{95274FE0-AEC0-0B55-F4D4-52D1018464AE}.Debug|Any CPU.ActiveCfg = Debug|Any CPU
		{95274FE0-AEC0-0B55-F4D4-52D1018464AE}.Debug|Any CPU.Build.0 = Debug|Any CPU
		{95274FE0-AEC0-0B55-F4D4-52D1018464AE}.Release|Any CPU.ActiveCfg = Release|Any CPU
		{95274FE0-AEC0-0B55-F4D4-52D1018464AE}.Release|Any CPU.Build.0 = Release|Any CPU
		{DDBA17F6-3CF0-4817-036F-D5F218FFA538}.Debug|Any CPU.ActiveCfg = Debug|Any CPU
		{DDBA17F6-3CF0-4817-036F-D5F218FFA538}.Debug|Any CPU.Build.0 = Debug|Any CPU
		{DDBA17F6-3CF0-4817-036F-D5F218FFA538}.Release|Any CPU.ActiveCfg = Release|Any CPU
		{DDBA17F6-3CF0-4817-036F-D5F218FFA538}.Release|Any CPU.Build.0 = Release|Any CPU
		{6DB1E06F-B243-1C3C-EAB6-E67F05EBEEC7}.Debug|Any CPU.ActiveCfg = Debug|Any CPU
		{6DB1E06F-B243-1C3C-EAB6-E67F05EBEEC7}.Debug|Any CPU.Build.0 = Debug|Any CPU
		{6DB1E06F-B243-1C3C-EAB6-E67F05EBEEC7}.Release|Any CPU.ActiveCfg = Release|Any CPU
		{6DB1E06F-B243-1C3C-EAB6-E67F05EBEEC7}.Release|Any CPU.Build.0 = Release|Any CPU
		{78C5A385-7844-AE8A-0BF9-402AD5D5E8FC}.Debug|Any CPU.ActiveCfg = Debug|Any CPU
		{78C5A385-7844-AE8A-0BF9-402AD5D5E8FC}.Debug|Any CPU.Build.0 = Debug|Any CPU
		{78C5A385-7844-AE8A-0BF9-402AD5D5E8FC}.Release|Any CPU.ActiveCfg = Release|Any CPU
		{78C5A385-7844-AE8A-0BF9-402AD5D5E8FC}.Release|Any CPU.Build.0 = Release|Any CPU
		{5D0846C1-4DE4-BF6A-5482-726344AD4ADA}.Debug|Any CPU.ActiveCfg = Debug|Any CPU
		{5D0846C1-4DE4-BF6A-5482-726344AD4ADA}.Debug|Any CPU.Build.0 = Debug|Any CPU
		{5D0846C1-4DE4-BF6A-5482-726344AD4ADA}.Release|Any CPU.ActiveCfg = Release|Any CPU
		{5D0846C1-4DE4-BF6A-5482-726344AD4ADA}.Release|Any CPU.Build.0 = Release|Any CPU
		{1B4D0C3C-097A-E5EB-D69E-7D02D7F02E86}.Debug|Any CPU.ActiveCfg = Debug|Any CPU
		{1B4D0C3C-097A-E5EB-D69E-7D02D7F02E86}.Debug|Any CPU.Build.0 = Debug|Any CPU
		{1B4D0C3C-097A-E5EB-D69E-7D02D7F02E86}.Release|Any CPU.ActiveCfg = Release|Any CPU
		{1B4D0C3C-097A-E5EB-D69E-7D02D7F02E86}.Release|Any CPU.Build.0 = Release|Any CPU
		{796CC126-A9C3-6AD8-2AD4-59E0C7197427}.Debug|Any CPU.ActiveCfg = Debug|Any CPU
		{796CC126-A9C3-6AD8-2AD4-59E0C7197427}.Debug|Any CPU.Build.0 = Debug|Any CPU
		{796CC126-A9C3-6AD8-2AD4-59E0C7197427}.Release|Any CPU.ActiveCfg = Release|Any CPU
		{796CC126-A9C3-6AD8-2AD4-59E0C7197427}.Release|Any CPU.Build.0 = Release|Any CPU
		{9B1212D3-A65D-0510-CC8E-76714E07F7CC}.Debug|Any CPU.ActiveCfg = Debug|Any CPU
		{9B1212D3-A65D-0510-CC8E-76714E07F7CC}.Debug|Any CPU.Build.0 = Debug|Any CPU
		{9B1212D3-A65D-0510-CC8E-76714E07F7CC}.Release|Any CPU.ActiveCfg = Release|Any CPU
		{9B1212D3-A65D-0510-CC8E-76714E07F7CC}.Release|Any CPU.Build.0 = Release|Any CPU
		{33E2AC9A-563F-CCED-E9EF-03E3D3F1BD0F}.Debug|Any CPU.ActiveCfg = Debug|Any CPU
		{33E2AC9A-563F-CCED-E9EF-03E3D3F1BD0F}.Debug|Any CPU.Build.0 = Debug|Any CPU
		{33E2AC9A-563F-CCED-E9EF-03E3D3F1BD0F}.Release|Any CPU.ActiveCfg = Release|Any CPU
		{33E2AC9A-563F-CCED-E9EF-03E3D3F1BD0F}.Release|Any CPU.Build.0 = Release|Any CPU
		{6DE576D9-226A-4D44-A524-FEEE025E77CE}.Debug|Any CPU.ActiveCfg = Debug|Any CPU
		{6DE576D9-226A-4D44-A524-FEEE025E77CE}.Debug|Any CPU.Build.0 = Debug|Any CPU
		{6DE576D9-226A-4D44-A524-FEEE025E77CE}.Release|Any CPU.ActiveCfg = Release|Any CPU
		{6DE576D9-226A-4D44-A524-FEEE025E77CE}.Release|Any CPU.Build.0 = Release|Any CPU
		{319BAFB6-CF8D-9AE5-736F-AC5748F8D7A0}.Debug|Any CPU.ActiveCfg = Debug|Any CPU
		{319BAFB6-CF8D-9AE5-736F-AC5748F8D7A0}.Debug|Any CPU.Build.0 = Debug|Any CPU
		{319BAFB6-CF8D-9AE5-736F-AC5748F8D7A0}.Release|Any CPU.ActiveCfg = Release|Any CPU
		{319BAFB6-CF8D-9AE5-736F-AC5748F8D7A0}.Release|Any CPU.Build.0 = Release|Any CPU
		{43391024-20C3-B1DA-979A-A7EA16B9501E}.Debug|Any CPU.ActiveCfg = Debug|Any CPU
		{43391024-20C3-B1DA-979A-A7EA16B9501E}.Debug|Any CPU.Build.0 = Debug|Any CPU
		{43391024-20C3-B1DA-979A-A7EA16B9501E}.Release|Any CPU.ActiveCfg = Release|Any CPU
		{43391024-20C3-B1DA-979A-A7EA16B9501E}.Release|Any CPU.Build.0 = Release|Any CPU
		{7B2D67F5-46F7-865C-DB89-0AC00020C258}.Debug|Any CPU.ActiveCfg = Debug|Any CPU
		{7B2D67F5-46F7-865C-DB89-0AC00020C258}.Debug|Any CPU.Build.0 = Debug|Any CPU
		{7B2D67F5-46F7-865C-DB89-0AC00020C258}.Release|Any CPU.ActiveCfg = Release|Any CPU
		{7B2D67F5-46F7-865C-DB89-0AC00020C258}.Release|Any CPU.Build.0 = Release|Any CPU
		{C56E9ECE-EA98-7410-17F7-A00264A55262}.Debug|Any CPU.ActiveCfg = Debug|Any CPU
		{C56E9ECE-EA98-7410-17F7-A00264A55262}.Debug|Any CPU.Build.0 = Debug|Any CPU
		{C56E9ECE-EA98-7410-17F7-A00264A55262}.Release|Any CPU.ActiveCfg = Release|Any CPU
		{C56E9ECE-EA98-7410-17F7-A00264A55262}.Release|Any CPU.Build.0 = Release|Any CPU
		{BDFDA3FA-8155-F134-BA34-0C466DB5D88C}.Debug|Any CPU.ActiveCfg = Debug|Any CPU
		{BDFDA3FA-8155-F134-BA34-0C466DB5D88C}.Debug|Any CPU.Build.0 = Debug|Any CPU
		{BDFDA3FA-8155-F134-BA34-0C466DB5D88C}.Release|Any CPU.ActiveCfg = Release|Any CPU
		{BDFDA3FA-8155-F134-BA34-0C466DB5D88C}.Release|Any CPU.Build.0 = Release|Any CPU
		{0B0041AE-4335-B86F-5294-AFF4D939B502}.Debug|Any CPU.ActiveCfg = Debug|Any CPU
		{0B0041AE-4335-B86F-5294-AFF4D939B502}.Debug|Any CPU.Build.0 = Debug|Any CPU
		{0B0041AE-4335-B86F-5294-AFF4D939B502}.Release|Any CPU.ActiveCfg = Release|Any CPU
		{0B0041AE-4335-B86F-5294-AFF4D939B502}.Release|Any CPU.Build.0 = Release|Any CPU
		{429EB402-71EC-41E7-A609-5F6CBC3F6D1E}.Debug|Any CPU.ActiveCfg = Debug|Any CPU
		{429EB402-71EC-41E7-A609-5F6CBC3F6D1E}.Debug|Any CPU.Build.0 = Debug|Any CPU
		{429EB402-71EC-41E7-A609-5F6CBC3F6D1E}.Release|Any CPU.ActiveCfg = Release|Any CPU
		{429EB402-71EC-41E7-A609-5F6CBC3F6D1E}.Release|Any CPU.Build.0 = Release|Any CPU
		{4A315B7D-16A7-3A9E-87DF-B752D50C2045}.Debug|Any CPU.ActiveCfg = Debug|Any CPU
		{4A315B7D-16A7-3A9E-87DF-B752D50C2045}.Debug|Any CPU.Build.0 = Debug|Any CPU
		{4A315B7D-16A7-3A9E-87DF-B752D50C2045}.Release|Any CPU.ActiveCfg = Release|Any CPU
		{4A315B7D-16A7-3A9E-87DF-B752D50C2045}.Release|Any CPU.Build.0 = Release|Any CPU
		{AF2CD5B3-E6C9-7CEA-EBE1-984906A6435C}.Debug|Any CPU.ActiveCfg = Debug|Any CPU
		{AF2CD5B3-E6C9-7CEA-EBE1-984906A6435C}.Debug|Any CPU.Build.0 = Debug|Any CPU
		{AF2CD5B3-E6C9-7CEA-EBE1-984906A6435C}.Release|Any CPU.ActiveCfg = Release|Any CPU
		{AF2CD5B3-E6C9-7CEA-EBE1-984906A6435C}.Release|Any CPU.Build.0 = Release|Any CPU
		{0974A20A-1563-1CDE-8AC1-2B423AA3599D}.Debug|Any CPU.ActiveCfg = Debug|Any CPU
		{0974A20A-1563-1CDE-8AC1-2B423AA3599D}.Debug|Any CPU.Build.0 = Debug|Any CPU
		{0974A20A-1563-1CDE-8AC1-2B423AA3599D}.Release|Any CPU.ActiveCfg = Release|Any CPU
		{0974A20A-1563-1CDE-8AC1-2B423AA3599D}.Release|Any CPU.Build.0 = Release|Any CPU
		{1109397C-FD2D-EF70-A7C1-AD47238CBBA1}.Debug|Any CPU.ActiveCfg = Debug|Any CPU
		{1109397C-FD2D-EF70-A7C1-AD47238CBBA1}.Debug|Any CPU.Build.0 = Debug|Any CPU
		{1109397C-FD2D-EF70-A7C1-AD47238CBBA1}.Release|Any CPU.ActiveCfg = Release|Any CPU
		{1109397C-FD2D-EF70-A7C1-AD47238CBBA1}.Release|Any CPU.Build.0 = Release|Any CPU
		{D5D66EBB-4665-2819-EB62-91CEAE161456}.Debug|Any CPU.ActiveCfg = Debug|Any CPU
		{D5D66EBB-4665-2819-EB62-91CEAE161456}.Debug|Any CPU.Build.0 = Debug|Any CPU
		{D5D66EBB-4665-2819-EB62-91CEAE161456}.Release|Any CPU.ActiveCfg = Release|Any CPU
		{D5D66EBB-4665-2819-EB62-91CEAE161456}.Release|Any CPU.Build.0 = Release|Any CPU
		{409C22F4-D4A2-60CD-D908-6AD819C07B5C}.Debug|Any CPU.ActiveCfg = Debug|Any CPU
		{409C22F4-D4A2-60CD-D908-6AD819C07B5C}.Debug|Any CPU.Build.0 = Debug|Any CPU
		{409C22F4-D4A2-60CD-D908-6AD819C07B5C}.Release|Any CPU.ActiveCfg = Release|Any CPU
		{409C22F4-D4A2-60CD-D908-6AD819C07B5C}.Release|Any CPU.Build.0 = Release|Any CPU
		{CDEE0CAC-01CB-8527-E060-6931B823670A}.Debug|Any CPU.ActiveCfg = Debug|Any CPU
		{CDEE0CAC-01CB-8527-E060-6931B823670A}.Debug|Any CPU.Build.0 = Debug|Any CPU
		{CDEE0CAC-01CB-8527-E060-6931B823670A}.Release|Any CPU.ActiveCfg = Release|Any CPU
		{CDEE0CAC-01CB-8527-E060-6931B823670A}.Release|Any CPU.Build.0 = Release|Any CPU
		{C30A424A-90F0-553D-BD43-A8C48A1C1FF1}.Debug|Any CPU.ActiveCfg = Debug|Any CPU
		{C30A424A-90F0-553D-BD43-A8C48A1C1FF1}.Debug|Any CPU.Build.0 = Debug|Any CPU
		{C30A424A-90F0-553D-BD43-A8C48A1C1FF1}.Release|Any CPU.ActiveCfg = Release|Any CPU
		{C30A424A-90F0-553D-BD43-A8C48A1C1FF1}.Release|Any CPU.Build.0 = Release|Any CPU
		{B856A79D-F274-BD18-0425-B1CD0CD1B1EE}.Debug|Any CPU.ActiveCfg = Debug|Any CPU
		{B856A79D-F274-BD18-0425-B1CD0CD1B1EE}.Debug|Any CPU.Build.0 = Debug|Any CPU
		{B856A79D-F274-BD18-0425-B1CD0CD1B1EE}.Release|Any CPU.ActiveCfg = Release|Any CPU
		{B856A79D-F274-BD18-0425-B1CD0CD1B1EE}.Release|Any CPU.Build.0 = Release|Any CPU
		{42EF671F-F799-79B5-C38E-D49DD1FC772C}.Debug|Any CPU.ActiveCfg = Debug|Any CPU
		{42EF671F-F799-79B5-C38E-D49DD1FC772C}.Debug|Any CPU.Build.0 = Debug|Any CPU
		{42EF671F-F799-79B5-C38E-D49DD1FC772C}.Release|Any CPU.ActiveCfg = Release|Any CPU
		{42EF671F-F799-79B5-C38E-D49DD1FC772C}.Release|Any CPU.Build.0 = Release|Any CPU
		{A67FC6AC-FF44-EF33-61E9-06C5F5D6EDAB}.Debug|Any CPU.ActiveCfg = Debug|Any CPU
		{A67FC6AC-FF44-EF33-61E9-06C5F5D6EDAB}.Debug|Any CPU.Build.0 = Debug|Any CPU
		{A67FC6AC-FF44-EF33-61E9-06C5F5D6EDAB}.Release|Any CPU.ActiveCfg = Release|Any CPU
		{A67FC6AC-FF44-EF33-61E9-06C5F5D6EDAB}.Release|Any CPU.Build.0 = Release|Any CPU
		{5357FFC8-55D4-416E-459C-65241683EDA3}.Debug|Any CPU.ActiveCfg = Debug|Any CPU
		{5357FFC8-55D4-416E-459C-65241683EDA3}.Debug|Any CPU.Build.0 = Debug|Any CPU
		{5357FFC8-55D4-416E-459C-65241683EDA3}.Release|Any CPU.ActiveCfg = Release|Any CPU
		{5357FFC8-55D4-416E-459C-65241683EDA3}.Release|Any CPU.Build.0 = Release|Any CPU
		{0D5CFAF0-E753-C626-C7F7-B9B62DC0861E}.Debug|Any CPU.ActiveCfg = Debug|Any CPU
		{0D5CFAF0-E753-C626-C7F7-B9B62DC0861E}.Debug|Any CPU.Build.0 = Debug|Any CPU
		{0D5CFAF0-E753-C626-C7F7-B9B62DC0861E}.Release|Any CPU.ActiveCfg = Release|Any CPU
		{0D5CFAF0-E753-C626-C7F7-B9B62DC0861E}.Release|Any CPU.Build.0 = Release|Any CPU
		{2D81F44C-D421-A5F8-C4B7-132E245606A8}.Debug|Any CPU.ActiveCfg = Debug|Any CPU
		{2D81F44C-D421-A5F8-C4B7-132E245606A8}.Debug|Any CPU.Build.0 = Debug|Any CPU
		{2D81F44C-D421-A5F8-C4B7-132E245606A8}.Release|Any CPU.ActiveCfg = Release|Any CPU
		{2D81F44C-D421-A5F8-C4B7-132E245606A8}.Release|Any CPU.Build.0 = Release|Any CPU
		{708584EC-A628-891F-A144-DE2A2BAF2A7B}.Debug|Any CPU.ActiveCfg = Debug|Any CPU
		{708584EC-A628-891F-A144-DE2A2BAF2A7B}.Debug|Any CPU.Build.0 = Debug|Any CPU
		{708584EC-A628-891F-A144-DE2A2BAF2A7B}.Release|Any CPU.ActiveCfg = Release|Any CPU
		{708584EC-A628-891F-A144-DE2A2BAF2A7B}.Release|Any CPU.Build.0 = Release|Any CPU
		{9857F85B-48BD-8CBA-B832-40F500E08A7F}.Debug|Any CPU.ActiveCfg = Debug|Any CPU
		{9857F85B-48BD-8CBA-B832-40F500E08A7F}.Debug|Any CPU.Build.0 = Debug|Any CPU
		{9857F85B-48BD-8CBA-B832-40F500E08A7F}.Release|Any CPU.ActiveCfg = Release|Any CPU
		{9857F85B-48BD-8CBA-B832-40F500E08A7F}.Release|Any CPU.Build.0 = Release|Any CPU
		{921ECF35-CF8A-A9DA-FDE7-7484249C8206}.Debug|Any CPU.ActiveCfg = Debug|Any CPU
		{921ECF35-CF8A-A9DA-FDE7-7484249C8206}.Debug|Any CPU.Build.0 = Debug|Any CPU
		{921ECF35-CF8A-A9DA-FDE7-7484249C8206}.Release|Any CPU.ActiveCfg = Release|Any CPU
		{921ECF35-CF8A-A9DA-FDE7-7484249C8206}.Release|Any CPU.Build.0 = Release|Any CPU
		{03CDFF3C-E93D-8759-34EE-94A8EB0FE522}.Debug|Any CPU.ActiveCfg = Debug|Any CPU
		{03CDFF3C-E93D-8759-34EE-94A8EB0FE522}.Debug|Any CPU.Build.0 = Debug|Any CPU
		{03CDFF3C-E93D-8759-34EE-94A8EB0FE522}.Release|Any CPU.ActiveCfg = Release|Any CPU
		{03CDFF3C-E93D-8759-34EE-94A8EB0FE522}.Release|Any CPU.Build.0 = Release|Any CPU
		{D3729FE9-03BD-9767-19DD-6B2B8D62DA8E}.Debug|Any CPU.ActiveCfg = Debug|Any CPU
		{D3729FE9-03BD-9767-19DD-6B2B8D62DA8E}.Debug|Any CPU.Build.0 = Debug|Any CPU
		{D3729FE9-03BD-9767-19DD-6B2B8D62DA8E}.Release|Any CPU.ActiveCfg = Release|Any CPU
		{D3729FE9-03BD-9767-19DD-6B2B8D62DA8E}.Release|Any CPU.Build.0 = Release|Any CPU
		{E45036A0-5D17-0D9D-1DF4-FBE804375112}.Debug|Any CPU.ActiveCfg = Debug|Any CPU
		{E45036A0-5D17-0D9D-1DF4-FBE804375112}.Debug|Any CPU.Build.0 = Debug|Any CPU
		{E45036A0-5D17-0D9D-1DF4-FBE804375112}.Release|Any CPU.ActiveCfg = Release|Any CPU
		{E45036A0-5D17-0D9D-1DF4-FBE804375112}.Release|Any CPU.Build.0 = Release|Any CPU
		{45DA44E1-7404-C3F3-735F-BA936D634599}.Debug|Any CPU.ActiveCfg = Debug|Any CPU
		{45DA44E1-7404-C3F3-735F-BA936D634599}.Debug|Any CPU.Build.0 = Debug|Any CPU
		{45DA44E1-7404-C3F3-735F-BA936D634599}.Release|Any CPU.ActiveCfg = Release|Any CPU
		{45DA44E1-7404-C3F3-735F-BA936D634599}.Release|Any CPU.Build.0 = Release|Any CPU
		{850493F5-826A-4380-D188-B770D52DDD01}.Debug|Any CPU.ActiveCfg = Debug|Any CPU
		{850493F5-826A-4380-D188-B770D52DDD01}.Debug|Any CPU.Build.0 = Debug|Any CPU
		{850493F5-826A-4380-D188-B770D52DDD01}.Release|Any CPU.ActiveCfg = Release|Any CPU
		{850493F5-826A-4380-D188-B770D52DDD01}.Release|Any CPU.Build.0 = Release|Any CPU
		{FEF1CDDD-1DCA-34E5-5926-B2CDF3F525C0}.Debug|Any CPU.ActiveCfg = Debug|Any CPU
		{FEF1CDDD-1DCA-34E5-5926-B2CDF3F525C0}.Debug|Any CPU.Build.0 = Debug|Any CPU
		{FEF1CDDD-1DCA-34E5-5926-B2CDF3F525C0}.Release|Any CPU.ActiveCfg = Release|Any CPU
		{FEF1CDDD-1DCA-34E5-5926-B2CDF3F525C0}.Release|Any CPU.Build.0 = Release|Any CPU
		{22AF5CCE-5318-3BB7-DB0E-72ABC333550E}.Debug|Any CPU.ActiveCfg = Debug|Any CPU
		{22AF5CCE-5318-3BB7-DB0E-72ABC333550E}.Debug|Any CPU.Build.0 = Debug|Any CPU
		{22AF5CCE-5318-3BB7-DB0E-72ABC333550E}.Release|Any CPU.ActiveCfg = Release|Any CPU
		{22AF5CCE-5318-3BB7-DB0E-72ABC333550E}.Release|Any CPU.Build.0 = Release|Any CPU
		{5D3B53CC-2381-32C2-B649-417A8BB657D2}.Debug|Any CPU.ActiveCfg = Debug|Any CPU
		{5D3B53CC-2381-32C2-B649-417A8BB657D2}.Debug|Any CPU.Build.0 = Debug|Any CPU
		{5D3B53CC-2381-32C2-B649-417A8BB657D2}.Release|Any CPU.ActiveCfg = Release|Any CPU
		{5D3B53CC-2381-32C2-B649-417A8BB657D2}.Release|Any CPU.Build.0 = Release|Any CPU
		{AE510705-412B-398F-BEF5-B44F4A665D7C}.Debug|Any CPU.ActiveCfg = Debug|Any CPU
		{AE510705-412B-398F-BEF5-B44F4A665D7C}.Debug|Any CPU.Build.0 = Debug|Any CPU
		{AE510705-412B-398F-BEF5-B44F4A665D7C}.Release|Any CPU.ActiveCfg = Release|Any CPU
		{AE510705-412B-398F-BEF5-B44F4A665D7C}.Release|Any CPU.Build.0 = Release|Any CPU
		{43C09D87-F731-EA5C-F966-5B8A416B441E}.Debug|Any CPU.ActiveCfg = Debug|Any CPU
		{43C09D87-F731-EA5C-F966-5B8A416B441E}.Debug|Any CPU.Build.0 = Debug|Any CPU
		{43C09D87-F731-EA5C-F966-5B8A416B441E}.Release|Any CPU.ActiveCfg = Release|Any CPU
		{43C09D87-F731-EA5C-F966-5B8A416B441E}.Release|Any CPU.Build.0 = Release|Any CPU
		{61133599-92DF-0BCD-2A0E-4C186493E0ED}.Debug|Any CPU.ActiveCfg = Debug|Any CPU
		{61133599-92DF-0BCD-2A0E-4C186493E0ED}.Debug|Any CPU.Build.0 = Debug|Any CPU
		{61133599-92DF-0BCD-2A0E-4C186493E0ED}.Release|Any CPU.ActiveCfg = Release|Any CPU
		{61133599-92DF-0BCD-2A0E-4C186493E0ED}.Release|Any CPU.Build.0 = Release|Any CPU
		{70970CDA-4B0D-4FE9-7BD8-D36A163403B3}.Debug|Any CPU.ActiveCfg = Debug|Any CPU
		{70970CDA-4B0D-4FE9-7BD8-D36A163403B3}.Debug|Any CPU.Build.0 = Debug|Any CPU
		{70970CDA-4B0D-4FE9-7BD8-D36A163403B3}.Release|Any CPU.ActiveCfg = Release|Any CPU
		{70970CDA-4B0D-4FE9-7BD8-D36A163403B3}.Release|Any CPU.Build.0 = Release|Any CPU
		{123ED934-EBAD-F1E6-A7BF-9A927F44314D}.Debug|Any CPU.ActiveCfg = Debug|Any CPU
		{123ED934-EBAD-F1E6-A7BF-9A927F44314D}.Debug|Any CPU.Build.0 = Debug|Any CPU
		{123ED934-EBAD-F1E6-A7BF-9A927F44314D}.Release|Any CPU.ActiveCfg = Release|Any CPU
		{123ED934-EBAD-F1E6-A7BF-9A927F44314D}.Release|Any CPU.Build.0 = Release|Any CPU
		{3B032F59-618E-0BC7-97B6-52F22E9E1138}.Debug|Any CPU.ActiveCfg = Debug|Any CPU
		{3B032F59-618E-0BC7-97B6-52F22E9E1138}.Debug|Any CPU.Build.0 = Debug|Any CPU
		{3B032F59-618E-0BC7-97B6-52F22E9E1138}.Release|Any CPU.ActiveCfg = Release|Any CPU
		{3B032F59-618E-0BC7-97B6-52F22E9E1138}.Release|Any CPU.Build.0 = Release|Any CPU
		{678E438B-1321-E614-45C8-1E4AC531578F}.Debug|Any CPU.ActiveCfg = Debug|Any CPU
		{678E438B-1321-E614-45C8-1E4AC531578F}.Debug|Any CPU.Build.0 = Debug|Any CPU
		{678E438B-1321-E614-45C8-1E4AC531578F}.Release|Any CPU.ActiveCfg = Release|Any CPU
		{678E438B-1321-E614-45C8-1E4AC531578F}.Release|Any CPU.Build.0 = Release|Any CPU
		{EF492C0B-9329-2E09-168D-2EA6AB4E5433}.Debug|Any CPU.ActiveCfg = Debug|Any CPU
		{EF492C0B-9329-2E09-168D-2EA6AB4E5433}.Debug|Any CPU.Build.0 = Debug|Any CPU
		{EF492C0B-9329-2E09-168D-2EA6AB4E5433}.Release|Any CPU.ActiveCfg = Release|Any CPU
		{EF492C0B-9329-2E09-168D-2EA6AB4E5433}.Release|Any CPU.Build.0 = Release|Any CPU
		{566B88EC-98C7-1B56-4447-5EB2A90BF972}.Debug|Any CPU.ActiveCfg = Debug|Any CPU
		{566B88EC-98C7-1B56-4447-5EB2A90BF972}.Debug|Any CPU.Build.0 = Debug|Any CPU
		{566B88EC-98C7-1B56-4447-5EB2A90BF972}.Release|Any CPU.ActiveCfg = Release|Any CPU
		{566B88EC-98C7-1B56-4447-5EB2A90BF972}.Release|Any CPU.Build.0 = Release|Any CPU
		{E61B13B9-BC1A-9324-95E1-990DC5EF513B}.Debug|Any CPU.ActiveCfg = Debug|Any CPU
		{E61B13B9-BC1A-9324-95E1-990DC5EF513B}.Debug|Any CPU.Build.0 = Debug|Any CPU
		{E61B13B9-BC1A-9324-95E1-990DC5EF513B}.Release|Any CPU.ActiveCfg = Release|Any CPU
		{E61B13B9-BC1A-9324-95E1-990DC5EF513B}.Release|Any CPU.Build.0 = Release|Any CPU
		{44AC9ECD-0DC6-A071-1207-56B56CEA47BC}.Debug|Any CPU.ActiveCfg = Debug|Any CPU
		{44AC9ECD-0DC6-A071-1207-56B56CEA47BC}.Debug|Any CPU.Build.0 = Debug|Any CPU
		{44AC9ECD-0DC6-A071-1207-56B56CEA47BC}.Release|Any CPU.ActiveCfg = Release|Any CPU
		{44AC9ECD-0DC6-A071-1207-56B56CEA47BC}.Release|Any CPU.Build.0 = Release|Any CPU
		{B906DD35-6540-F7F6-0733-DE6C9C591FB7}.Debug|Any CPU.ActiveCfg = Debug|Any CPU
		{B906DD35-6540-F7F6-0733-DE6C9C591FB7}.Debug|Any CPU.Build.0 = Debug|Any CPU
		{B906DD35-6540-F7F6-0733-DE6C9C591FB7}.Release|Any CPU.ActiveCfg = Release|Any CPU
		{B906DD35-6540-F7F6-0733-DE6C9C591FB7}.Release|Any CPU.Build.0 = Release|Any CPU
		{7335B946-14D3-5C7D-12EF-CDAC3524344D}.Debug|Any CPU.ActiveCfg = Debug|Any CPU
		{7335B946-14D3-5C7D-12EF-CDAC3524344D}.Debug|Any CPU.Build.0 = Debug|Any CPU
		{7335B946-14D3-5C7D-12EF-CDAC3524344D}.Release|Any CPU.ActiveCfg = Release|Any CPU
		{7335B946-14D3-5C7D-12EF-CDAC3524344D}.Release|Any CPU.Build.0 = Release|Any CPU
		{D4469D6C-3843-43E9-A4A3-2230E26B8BBA}.Debug|Any CPU.ActiveCfg = Debug|Any CPU
		{D4469D6C-3843-43E9-A4A3-2230E26B8BBA}.Debug|Any CPU.Build.0 = Debug|Any CPU
		{D4469D6C-3843-43E9-A4A3-2230E26B8BBA}.Release|Any CPU.ActiveCfg = Release|Any CPU
		{D4469D6C-3843-43E9-A4A3-2230E26B8BBA}.Release|Any CPU.Build.0 = Release|Any CPU
		{8BA106EC-74EE-EE6C-3F4D-6E68AABE1BA5}.Debug|Any CPU.ActiveCfg = Debug|Any CPU
		{8BA106EC-74EE-EE6C-3F4D-6E68AABE1BA5}.Debug|Any CPU.Build.0 = Debug|Any CPU
		{8BA106EC-74EE-EE6C-3F4D-6E68AABE1BA5}.Release|Any CPU.ActiveCfg = Release|Any CPU
		{8BA106EC-74EE-EE6C-3F4D-6E68AABE1BA5}.Release|Any CPU.Build.0 = Release|Any CPU
		{EBDAEDB2-E908-6727-9F1E-4B9F2C52253C}.Debug|Any CPU.ActiveCfg = Debug|Any CPU
		{EBDAEDB2-E908-6727-9F1E-4B9F2C52253C}.Debug|Any CPU.Build.0 = Debug|Any CPU
		{EBDAEDB2-E908-6727-9F1E-4B9F2C52253C}.Release|Any CPU.ActiveCfg = Release|Any CPU
		{EBDAEDB2-E908-6727-9F1E-4B9F2C52253C}.Release|Any CPU.Build.0 = Release|Any CPU
		{70B89FA2-40FF-8421-5128-2ADE52F0008E}.Debug|Any CPU.ActiveCfg = Debug|Any CPU
		{70B89FA2-40FF-8421-5128-2ADE52F0008E}.Debug|Any CPU.Build.0 = Debug|Any CPU
		{70B89FA2-40FF-8421-5128-2ADE52F0008E}.Release|Any CPU.ActiveCfg = Release|Any CPU
		{70B89FA2-40FF-8421-5128-2ADE52F0008E}.Release|Any CPU.Build.0 = Release|Any CPU
		{B31AD9B0-68E0-AAF0-2C03-BDE628FEB74C}.Debug|Any CPU.ActiveCfg = Debug|Any CPU
		{B31AD9B0-68E0-AAF0-2C03-BDE628FEB74C}.Debug|Any CPU.Build.0 = Debug|Any CPU
		{B31AD9B0-68E0-AAF0-2C03-BDE628FEB74C}.Release|Any CPU.ActiveCfg = Release|Any CPU
		{B31AD9B0-68E0-AAF0-2C03-BDE628FEB74C}.Release|Any CPU.Build.0 = Release|Any CPU
		{35FD32E0-68B7-286E-84E9-1556D43BEA4E}.Debug|Any CPU.ActiveCfg = Debug|Any CPU
		{35FD32E0-68B7-286E-84E9-1556D43BEA4E}.Debug|Any CPU.Build.0 = Debug|Any CPU
		{35FD32E0-68B7-286E-84E9-1556D43BEA4E}.Release|Any CPU.ActiveCfg = Release|Any CPU
		{35FD32E0-68B7-286E-84E9-1556D43BEA4E}.Release|Any CPU.Build.0 = Release|Any CPU
		{6A90C4C0-F139-C3A4-7BC1-23FEEC012BFF}.Debug|Any CPU.ActiveCfg = Debug|Any CPU
		{6A90C4C0-F139-C3A4-7BC1-23FEEC012BFF}.Debug|Any CPU.Build.0 = Debug|Any CPU
		{6A90C4C0-F139-C3A4-7BC1-23FEEC012BFF}.Release|Any CPU.ActiveCfg = Release|Any CPU
		{6A90C4C0-F139-C3A4-7BC1-23FEEC012BFF}.Release|Any CPU.Build.0 = Release|Any CPU
		{9E3EF662-C6DC-C357-186E-438C50F1362E}.Debug|Any CPU.ActiveCfg = Debug|Any CPU
		{9E3EF662-C6DC-C357-186E-438C50F1362E}.Debug|Any CPU.Build.0 = Debug|Any CPU
		{9E3EF662-C6DC-C357-186E-438C50F1362E}.Release|Any CPU.ActiveCfg = Release|Any CPU
		{9E3EF662-C6DC-C357-186E-438C50F1362E}.Release|Any CPU.Build.0 = Release|Any CPU
		{FBA778FF-D9B7-5BD1-D22A-483D55A5A34E}.Debug|Any CPU.ActiveCfg = Debug|Any CPU
		{FBA778FF-D9B7-5BD1-D22A-483D55A5A34E}.Debug|Any CPU.Build.0 = Debug|Any CPU
		{FBA778FF-D9B7-5BD1-D22A-483D55A5A34E}.Release|Any CPU.ActiveCfg = Release|Any CPU
		{FBA778FF-D9B7-5BD1-D22A-483D55A5A34E}.Release|Any CPU.Build.0 = Release|Any CPU
		{D10A7F73-F519-B216-204C-71F2BADED600}.Debug|Any CPU.ActiveCfg = Debug|Any CPU
		{D10A7F73-F519-B216-204C-71F2BADED600}.Debug|Any CPU.Build.0 = Debug|Any CPU
		{D10A7F73-F519-B216-204C-71F2BADED600}.Release|Any CPU.ActiveCfg = Release|Any CPU
		{D10A7F73-F519-B216-204C-71F2BADED600}.Release|Any CPU.Build.0 = Release|Any CPU
		{549AA38C-0C23-4EE6-B8A3-878637E5D91A}.Debug|Any CPU.ActiveCfg = Debug|Any CPU
		{549AA38C-0C23-4EE6-B8A3-878637E5D91A}.Debug|Any CPU.Build.0 = Debug|Any CPU
		{549AA38C-0C23-4EE6-B8A3-878637E5D91A}.Release|Any CPU.ActiveCfg = Release|Any CPU
		{549AA38C-0C23-4EE6-B8A3-878637E5D91A}.Release|Any CPU.Build.0 = Release|Any CPU
		{70CD6E41-F27B-27E4-D771-E99E64570178}.Debug|Any CPU.ActiveCfg = Debug|Any CPU
		{70CD6E41-F27B-27E4-D771-E99E64570178}.Debug|Any CPU.Build.0 = Debug|Any CPU
		{70CD6E41-F27B-27E4-D771-E99E64570178}.Release|Any CPU.ActiveCfg = Release|Any CPU
		{70CD6E41-F27B-27E4-D771-E99E64570178}.Release|Any CPU.Build.0 = Release|Any CPU
		{A1C0A928-6F14-7071-9D5D-F910BC2FBC6C}.Debug|Any CPU.ActiveCfg = Debug|Any CPU
		{A1C0A928-6F14-7071-9D5D-F910BC2FBC6C}.Debug|Any CPU.Build.0 = Debug|Any CPU
		{A1C0A928-6F14-7071-9D5D-F910BC2FBC6C}.Release|Any CPU.ActiveCfg = Release|Any CPU
		{A1C0A928-6F14-7071-9D5D-F910BC2FBC6C}.Release|Any CPU.Build.0 = Release|Any CPU
		{A4A75219-FEF2-09C8-EECD-5D17BB3716C2}.Debug|Any CPU.ActiveCfg = Debug|Any CPU
		{A4A75219-FEF2-09C8-EECD-5D17BB3716C2}.Debug|Any CPU.Build.0 = Debug|Any CPU
		{A4A75219-FEF2-09C8-EECD-5D17BB3716C2}.Release|Any CPU.ActiveCfg = Release|Any CPU
		{A4A75219-FEF2-09C8-EECD-5D17BB3716C2}.Release|Any CPU.Build.0 = Release|Any CPU
		{254F1DC6-D4CE-85C8-71AA-776B1D671E89}.Debug|Any CPU.ActiveCfg = Debug|Any CPU
		{254F1DC6-D4CE-85C8-71AA-776B1D671E89}.Debug|Any CPU.Build.0 = Debug|Any CPU
		{254F1DC6-D4CE-85C8-71AA-776B1D671E89}.Release|Any CPU.ActiveCfg = Release|Any CPU
		{254F1DC6-D4CE-85C8-71AA-776B1D671E89}.Release|Any CPU.Build.0 = Release|Any CPU
		{F4EAA7FC-3BC1-9323-C8EC-F44FA973DF35}.Debug|Any CPU.ActiveCfg = Debug|Any CPU
		{F4EAA7FC-3BC1-9323-C8EC-F44FA973DF35}.Debug|Any CPU.Build.0 = Debug|Any CPU
		{F4EAA7FC-3BC1-9323-C8EC-F44FA973DF35}.Release|Any CPU.ActiveCfg = Release|Any CPU
		{F4EAA7FC-3BC1-9323-C8EC-F44FA973DF35}.Release|Any CPU.Build.0 = Release|Any CPU
		{D530067C-F4B5-CC52-4B65-C4E7F1311FA8}.Debug|Any CPU.ActiveCfg = Debug|Any CPU
		{D530067C-F4B5-CC52-4B65-C4E7F1311FA8}.Debug|Any CPU.Build.0 = Debug|Any CPU
		{D530067C-F4B5-CC52-4B65-C4E7F1311FA8}.Release|Any CPU.ActiveCfg = Release|Any CPU
		{D530067C-F4B5-CC52-4B65-C4E7F1311FA8}.Release|Any CPU.Build.0 = Release|Any CPU
		{F0D41EB7-7DD7-972D-96BE-449E9E2D1246}.Debug|Any CPU.ActiveCfg = Debug|Any CPU
		{F0D41EB7-7DD7-972D-96BE-449E9E2D1246}.Debug|Any CPU.Build.0 = Debug|Any CPU
		{F0D41EB7-7DD7-972D-96BE-449E9E2D1246}.Release|Any CPU.ActiveCfg = Release|Any CPU
		{F0D41EB7-7DD7-972D-96BE-449E9E2D1246}.Release|Any CPU.Build.0 = Release|Any CPU
		{565A5D2D-D659-D8CF-4019-B31543575DD3}.Debug|Any CPU.ActiveCfg = Debug|Any CPU
		{565A5D2D-D659-D8CF-4019-B31543575DD3}.Debug|Any CPU.Build.0 = Debug|Any CPU
		{565A5D2D-D659-D8CF-4019-B31543575DD3}.Release|Any CPU.ActiveCfg = Release|Any CPU
		{565A5D2D-D659-D8CF-4019-B31543575DD3}.Release|Any CPU.Build.0 = Release|Any CPU
		{80B6428B-A930-0890-DD15-1E0E40FDB489}.Debug|Any CPU.ActiveCfg = Debug|Any CPU
		{80B6428B-A930-0890-DD15-1E0E40FDB489}.Debug|Any CPU.Build.0 = Debug|Any CPU
		{80B6428B-A930-0890-DD15-1E0E40FDB489}.Release|Any CPU.ActiveCfg = Release|Any CPU
		{80B6428B-A930-0890-DD15-1E0E40FDB489}.Release|Any CPU.Build.0 = Release|Any CPU
		{C78CB96F-4C25-5655-5EF2-60B4516DBE37}.Debug|Any CPU.ActiveCfg = Debug|Any CPU
		{C78CB96F-4C25-5655-5EF2-60B4516DBE37}.Debug|Any CPU.Build.0 = Debug|Any CPU
		{C78CB96F-4C25-5655-5EF2-60B4516DBE37}.Release|Any CPU.ActiveCfg = Release|Any CPU
		{C78CB96F-4C25-5655-5EF2-60B4516DBE37}.Release|Any CPU.Build.0 = Release|Any CPU
		{198F37C3-14FB-D263-7051-86DEF592AC93}.Debug|Any CPU.ActiveCfg = Debug|Any CPU
		{198F37C3-14FB-D263-7051-86DEF592AC93}.Debug|Any CPU.Build.0 = Debug|Any CPU
		{198F37C3-14FB-D263-7051-86DEF592AC93}.Release|Any CPU.ActiveCfg = Release|Any CPU
		{198F37C3-14FB-D263-7051-86DEF592AC93}.Release|Any CPU.Build.0 = Release|Any CPU
		{096C21DF-FCE1-B5CF-6B59-12370571C356}.Debug|Any CPU.ActiveCfg = Debug|Any CPU
		{096C21DF-FCE1-B5CF-6B59-12370571C356}.Debug|Any CPU.Build.0 = Debug|Any CPU
		{096C21DF-FCE1-B5CF-6B59-12370571C356}.Release|Any CPU.ActiveCfg = Release|Any CPU
		{096C21DF-FCE1-B5CF-6B59-12370571C356}.Release|Any CPU.Build.0 = Release|Any CPU
		{A776EEA7-02EE-192C-6344-9A4C7D01143B}.Debug|Any CPU.ActiveCfg = Debug|Any CPU
		{A776EEA7-02EE-192C-6344-9A4C7D01143B}.Debug|Any CPU.Build.0 = Debug|Any CPU
		{A776EEA7-02EE-192C-6344-9A4C7D01143B}.Release|Any CPU.ActiveCfg = Release|Any CPU
		{A776EEA7-02EE-192C-6344-9A4C7D01143B}.Release|Any CPU.Build.0 = Release|Any CPU
		{B79D8E01-1B98-6C11-D7C4-E2ED2CA82E53}.Debug|Any CPU.ActiveCfg = Debug|Any CPU
		{B79D8E01-1B98-6C11-D7C4-E2ED2CA82E53}.Debug|Any CPU.Build.0 = Debug|Any CPU
		{B79D8E01-1B98-6C11-D7C4-E2ED2CA82E53}.Release|Any CPU.ActiveCfg = Release|Any CPU
		{B79D8E01-1B98-6C11-D7C4-E2ED2CA82E53}.Release|Any CPU.Build.0 = Release|Any CPU
		{68582D47-1824-BEB2-9B09-47853163D82E}.Debug|Any CPU.ActiveCfg = Debug|Any CPU
		{68582D47-1824-BEB2-9B09-47853163D82E}.Debug|Any CPU.Build.0 = Debug|Any CPU
		{68582D47-1824-BEB2-9B09-47853163D82E}.Release|Any CPU.ActiveCfg = Release|Any CPU
		{68582D47-1824-BEB2-9B09-47853163D82E}.Release|Any CPU.Build.0 = Release|Any CPU
		{C5714D3B-7C57-1FE8-C38E-14BA36D74A77}.Debug|Any CPU.ActiveCfg = Debug|Any CPU
		{C5714D3B-7C57-1FE8-C38E-14BA36D74A77}.Debug|Any CPU.Build.0 = Debug|Any CPU
		{C5714D3B-7C57-1FE8-C38E-14BA36D74A77}.Release|Any CPU.ActiveCfg = Release|Any CPU
		{C5714D3B-7C57-1FE8-C38E-14BA36D74A77}.Release|Any CPU.Build.0 = Release|Any CPU
		{72C1EB80-8B7D-16D0-969D-72928A36B1B1}.Debug|Any CPU.ActiveCfg = Debug|Any CPU
		{72C1EB80-8B7D-16D0-969D-72928A36B1B1}.Debug|Any CPU.Build.0 = Debug|Any CPU
		{72C1EB80-8B7D-16D0-969D-72928A36B1B1}.Release|Any CPU.ActiveCfg = Release|Any CPU
		{72C1EB80-8B7D-16D0-969D-72928A36B1B1}.Release|Any CPU.Build.0 = Release|Any CPU
		{4A02A5D2-9D2E-FE96-D2C7-31E565D680C7}.Debug|Any CPU.ActiveCfg = Debug|Any CPU
		{4A02A5D2-9D2E-FE96-D2C7-31E565D680C7}.Debug|Any CPU.Build.0 = Debug|Any CPU
		{4A02A5D2-9D2E-FE96-D2C7-31E565D680C7}.Release|Any CPU.ActiveCfg = Release|Any CPU
		{4A02A5D2-9D2E-FE96-D2C7-31E565D680C7}.Release|Any CPU.Build.0 = Release|Any CPU
		{3C7E9B2C-F41D-9FB6-D8B3-3BC6283621C1}.Debug|Any CPU.ActiveCfg = Debug|Any CPU
		{3C7E9B2C-F41D-9FB6-D8B3-3BC6283621C1}.Debug|Any CPU.Build.0 = Debug|Any CPU
		{3C7E9B2C-F41D-9FB6-D8B3-3BC6283621C1}.Release|Any CPU.ActiveCfg = Release|Any CPU
		{3C7E9B2C-F41D-9FB6-D8B3-3BC6283621C1}.Release|Any CPU.Build.0 = Release|Any CPU
		{145921F4-6B45-02FC-838E-5CEFFC22640C}.Debug|Any CPU.ActiveCfg = Debug|Any CPU
		{145921F4-6B45-02FC-838E-5CEFFC22640C}.Debug|Any CPU.Build.0 = Debug|Any CPU
		{145921F4-6B45-02FC-838E-5CEFFC22640C}.Release|Any CPU.ActiveCfg = Release|Any CPU
		{145921F4-6B45-02FC-838E-5CEFFC22640C}.Release|Any CPU.Build.0 = Release|Any CPU
		{8861EF6D-0071-93AA-394D-53764BFA63E7}.Debug|Any CPU.ActiveCfg = Debug|Any CPU
		{8861EF6D-0071-93AA-394D-53764BFA63E7}.Debug|Any CPU.Build.0 = Debug|Any CPU
		{8861EF6D-0071-93AA-394D-53764BFA63E7}.Release|Any CPU.ActiveCfg = Release|Any CPU
		{8861EF6D-0071-93AA-394D-53764BFA63E7}.Release|Any CPU.Build.0 = Release|Any CPU
		{D44954AF-D62D-D1D9-64C1-E525AFF6EF87}.Debug|Any CPU.ActiveCfg = Debug|Any CPU
		{D44954AF-D62D-D1D9-64C1-E525AFF6EF87}.Debug|Any CPU.Build.0 = Debug|Any CPU
		{D44954AF-D62D-D1D9-64C1-E525AFF6EF87}.Release|Any CPU.ActiveCfg = Release|Any CPU
		{D44954AF-D62D-D1D9-64C1-E525AFF6EF87}.Release|Any CPU.Build.0 = Release|Any CPU
		{426F148A-7776-3E05-4E16-5A60AA8581B3}.Debug|Any CPU.ActiveCfg = Debug|Any CPU
		{426F148A-7776-3E05-4E16-5A60AA8581B3}.Debug|Any CPU.Build.0 = Debug|Any CPU
		{426F148A-7776-3E05-4E16-5A60AA8581B3}.Release|Any CPU.ActiveCfg = Release|Any CPU
		{426F148A-7776-3E05-4E16-5A60AA8581B3}.Release|Any CPU.Build.0 = Release|Any CPU
		{8E19D5DD-299A-B171-503B-8420DC849574}.Debug|Any CPU.ActiveCfg = Debug|Any CPU
		{8E19D5DD-299A-B171-503B-8420DC849574}.Debug|Any CPU.Build.0 = Debug|Any CPU
		{8E19D5DD-299A-B171-503B-8420DC849574}.Release|Any CPU.ActiveCfg = Release|Any CPU
		{8E19D5DD-299A-B171-503B-8420DC849574}.Release|Any CPU.Build.0 = Release|Any CPU
		{56D9E0FF-B5D3-2285-0F71-8BE5A86B9181}.Debug|Any CPU.ActiveCfg = Debug|Any CPU
		{56D9E0FF-B5D3-2285-0F71-8BE5A86B9181}.Debug|Any CPU.Build.0 = Debug|Any CPU
		{56D9E0FF-B5D3-2285-0F71-8BE5A86B9181}.Release|Any CPU.ActiveCfg = Release|Any CPU
		{56D9E0FF-B5D3-2285-0F71-8BE5A86B9181}.Release|Any CPU.Build.0 = Release|Any CPU
		{E970B739-C600-2000-50A5-BE8FDE288A52}.Debug|Any CPU.ActiveCfg = Debug|Any CPU
		{E970B739-C600-2000-50A5-BE8FDE288A52}.Debug|Any CPU.Build.0 = Debug|Any CPU
		{E970B739-C600-2000-50A5-BE8FDE288A52}.Release|Any CPU.ActiveCfg = Release|Any CPU
		{E970B739-C600-2000-50A5-BE8FDE288A52}.Release|Any CPU.Build.0 = Release|Any CPU
		{4F7A8FF8-E575-1E96-0D70-BD588E2FB04A}.Debug|Any CPU.ActiveCfg = Debug|Any CPU
		{4F7A8FF8-E575-1E96-0D70-BD588E2FB04A}.Debug|Any CPU.Build.0 = Debug|Any CPU
		{4F7A8FF8-E575-1E96-0D70-BD588E2FB04A}.Release|Any CPU.ActiveCfg = Release|Any CPU
		{4F7A8FF8-E575-1E96-0D70-BD588E2FB04A}.Release|Any CPU.Build.0 = Release|Any CPU
		{1BBA16A3-E9DB-60EC-94D2-EDE5426207DA}.Debug|Any CPU.ActiveCfg = Debug|Any CPU
		{1BBA16A3-E9DB-60EC-94D2-EDE5426207DA}.Debug|Any CPU.Build.0 = Debug|Any CPU
		{1BBA16A3-E9DB-60EC-94D2-EDE5426207DA}.Release|Any CPU.ActiveCfg = Release|Any CPU
		{1BBA16A3-E9DB-60EC-94D2-EDE5426207DA}.Release|Any CPU.Build.0 = Release|Any CPU
		{324BEF33-597C-4DFD-EAA7-DBA924E97541}.Debug|Any CPU.ActiveCfg = Debug|Any CPU
		{324BEF33-597C-4DFD-EAA7-DBA924E97541}.Debug|Any CPU.Build.0 = Debug|Any CPU
		{324BEF33-597C-4DFD-EAA7-DBA924E97541}.Release|Any CPU.ActiveCfg = Release|Any CPU
		{324BEF33-597C-4DFD-EAA7-DBA924E97541}.Release|Any CPU.Build.0 = Release|Any CPU
		{D6697055-267D-7C5A-CE4A-6F3FE2E79D1E}.Debug|Any CPU.ActiveCfg = Debug|Any CPU
		{D6697055-267D-7C5A-CE4A-6F3FE2E79D1E}.Debug|Any CPU.Build.0 = Debug|Any CPU
		{D6697055-267D-7C5A-CE4A-6F3FE2E79D1E}.Release|Any CPU.ActiveCfg = Release|Any CPU
		{D6697055-267D-7C5A-CE4A-6F3FE2E79D1E}.Release|Any CPU.Build.0 = Release|Any CPU
		{7E6A3A79-AE70-4A49-99AC-C78D25A7F84A}.Debug|Any CPU.ActiveCfg = Debug|Any CPU
		{7E6A3A79-AE70-4A49-99AC-C78D25A7F84A}.Debug|Any CPU.Build.0 = Debug|Any CPU
		{7E6A3A79-AE70-4A49-99AC-C78D25A7F84A}.Release|Any CPU.ActiveCfg = Release|Any CPU
		{7E6A3A79-AE70-4A49-99AC-C78D25A7F84A}.Release|Any CPU.Build.0 = Release|Any CPU
		{B2F23BAC-1034-BEEC-0D41-2A2109803714}.Debug|Any CPU.ActiveCfg = Debug|Any CPU
		{B2F23BAC-1034-BEEC-0D41-2A2109803714}.Debug|Any CPU.Build.0 = Debug|Any CPU
		{B2F23BAC-1034-BEEC-0D41-2A2109803714}.Release|Any CPU.ActiveCfg = Release|Any CPU
		{B2F23BAC-1034-BEEC-0D41-2A2109803714}.Release|Any CPU.Build.0 = Release|Any CPU
		{F3AE8136-9B51-008C-B8E6-1E06D313FC92}.Debug|Any CPU.ActiveCfg = Debug|Any CPU
		{F3AE8136-9B51-008C-B8E6-1E06D313FC92}.Debug|Any CPU.Build.0 = Debug|Any CPU
		{F3AE8136-9B51-008C-B8E6-1E06D313FC92}.Release|Any CPU.ActiveCfg = Release|Any CPU
		{F3AE8136-9B51-008C-B8E6-1E06D313FC92}.Release|Any CPU.Build.0 = Release|Any CPU
		{91682945-051F-FFF4-1660-452DC555B17D}.Debug|Any CPU.ActiveCfg = Debug|Any CPU
		{91682945-051F-FFF4-1660-452DC555B17D}.Debug|Any CPU.Build.0 = Debug|Any CPU
		{91682945-051F-FFF4-1660-452DC555B17D}.Release|Any CPU.ActiveCfg = Release|Any CPU
		{91682945-051F-FFF4-1660-452DC555B17D}.Release|Any CPU.Build.0 = Release|Any CPU
		{C8A1A5EE-F8B2-A1B8-07C6-196E8C529B18}.Debug|Any CPU.ActiveCfg = Debug|Any CPU
		{C8A1A5EE-F8B2-A1B8-07C6-196E8C529B18}.Debug|Any CPU.Build.0 = Debug|Any CPU
		{C8A1A5EE-F8B2-A1B8-07C6-196E8C529B18}.Release|Any CPU.ActiveCfg = Release|Any CPU
		{C8A1A5EE-F8B2-A1B8-07C6-196E8C529B18}.Release|Any CPU.Build.0 = Release|Any CPU
		{C36C98E1-F0B4-2C3E-73C3-0D24249D7F5F}.Debug|Any CPU.ActiveCfg = Debug|Any CPU
		{C36C98E1-F0B4-2C3E-73C3-0D24249D7F5F}.Debug|Any CPU.Build.0 = Debug|Any CPU
		{C36C98E1-F0B4-2C3E-73C3-0D24249D7F5F}.Release|Any CPU.ActiveCfg = Release|Any CPU
		{C36C98E1-F0B4-2C3E-73C3-0D24249D7F5F}.Release|Any CPU.Build.0 = Release|Any CPU
		{53A8CEAD-209E-EFD2-94E7-1E6055083E89}.Debug|Any CPU.ActiveCfg = Debug|Any CPU
		{53A8CEAD-209E-EFD2-94E7-1E6055083E89}.Debug|Any CPU.Build.0 = Debug|Any CPU
		{53A8CEAD-209E-EFD2-94E7-1E6055083E89}.Release|Any CPU.ActiveCfg = Release|Any CPU
		{53A8CEAD-209E-EFD2-94E7-1E6055083E89}.Release|Any CPU.Build.0 = Release|Any CPU
		{BC772237-E1F9-F5D8-AAC4-369BD8B2DDDC}.Debug|Any CPU.ActiveCfg = Debug|Any CPU
		{BC772237-E1F9-F5D8-AAC4-369BD8B2DDDC}.Debug|Any CPU.Build.0 = Debug|Any CPU
		{BC772237-E1F9-F5D8-AAC4-369BD8B2DDDC}.Release|Any CPU.ActiveCfg = Release|Any CPU
		{BC772237-E1F9-F5D8-AAC4-369BD8B2DDDC}.Release|Any CPU.Build.0 = Release|Any CPU
		{406B17E8-DF15-3DDF-0149-09D86798AFE5}.Debug|Any CPU.ActiveCfg = Debug|Any CPU
		{406B17E8-DF15-3DDF-0149-09D86798AFE5}.Debug|Any CPU.Build.0 = Debug|Any CPU
		{406B17E8-DF15-3DDF-0149-09D86798AFE5}.Release|Any CPU.ActiveCfg = Release|Any CPU
		{406B17E8-DF15-3DDF-0149-09D86798AFE5}.Release|Any CPU.Build.0 = Release|Any CPU
		{A0A7A7EE-B277-00C2-0E04-86F94BBC3C3B}.Debug|Any CPU.ActiveCfg = Debug|Any CPU
		{A0A7A7EE-B277-00C2-0E04-86F94BBC3C3B}.Debug|Any CPU.Build.0 = Debug|Any CPU
		{A0A7A7EE-B277-00C2-0E04-86F94BBC3C3B}.Release|Any CPU.ActiveCfg = Release|Any CPU
		{A0A7A7EE-B277-00C2-0E04-86F94BBC3C3B}.Release|Any CPU.Build.0 = Release|Any CPU
		{EFF05B18-620C-0A6C-E5F1-5A18F67C4A5D}.Debug|Any CPU.ActiveCfg = Debug|Any CPU
		{EFF05B18-620C-0A6C-E5F1-5A18F67C4A5D}.Debug|Any CPU.Build.0 = Debug|Any CPU
		{EFF05B18-620C-0A6C-E5F1-5A18F67C4A5D}.Release|Any CPU.ActiveCfg = Release|Any CPU
		{EFF05B18-620C-0A6C-E5F1-5A18F67C4A5D}.Release|Any CPU.Build.0 = Release|Any CPU
		{81CB6670-02E9-D5E7-7011-10C326889EA9}.Debug|Any CPU.ActiveCfg = Debug|Any CPU
		{81CB6670-02E9-D5E7-7011-10C326889EA9}.Debug|Any CPU.Build.0 = Debug|Any CPU
		{81CB6670-02E9-D5E7-7011-10C326889EA9}.Release|Any CPU.ActiveCfg = Release|Any CPU
		{81CB6670-02E9-D5E7-7011-10C326889EA9}.Release|Any CPU.Build.0 = Release|Any CPU
		{3D3B9253-622C-A714-B49E-20D49021B0CB}.Debug|Any CPU.ActiveCfg = Debug|Any CPU
		{3D3B9253-622C-A714-B49E-20D49021B0CB}.Debug|Any CPU.Build.0 = Debug|Any CPU
		{3D3B9253-622C-A714-B49E-20D49021B0CB}.Release|Any CPU.ActiveCfg = Release|Any CPU
		{3D3B9253-622C-A714-B49E-20D49021B0CB}.Release|Any CPU.Build.0 = Release|Any CPU
		{7AF3C616-16BB-05FE-126A-8D3CEF8E5171}.Debug|Any CPU.ActiveCfg = Debug|Any CPU
		{7AF3C616-16BB-05FE-126A-8D3CEF8E5171}.Debug|Any CPU.Build.0 = Debug|Any CPU
		{7AF3C616-16BB-05FE-126A-8D3CEF8E5171}.Release|Any CPU.ActiveCfg = Release|Any CPU
		{7AF3C616-16BB-05FE-126A-8D3CEF8E5171}.Release|Any CPU.Build.0 = Release|Any CPU
		{CF374A42-8288-AB83-5340-ED357061F8EE}.Debug|Any CPU.ActiveCfg = Debug|Any CPU
		{CF374A42-8288-AB83-5340-ED357061F8EE}.Debug|Any CPU.Build.0 = Debug|Any CPU
		{CF374A42-8288-AB83-5340-ED357061F8EE}.Release|Any CPU.ActiveCfg = Release|Any CPU
		{CF374A42-8288-AB83-5340-ED357061F8EE}.Release|Any CPU.Build.0 = Release|Any CPU
		{3B734ED2-C731-40D1-777B-5A33F4D2EBAB}.Debug|Any CPU.ActiveCfg = Debug|Any CPU
		{3B734ED2-C731-40D1-777B-5A33F4D2EBAB}.Debug|Any CPU.Build.0 = Debug|Any CPU
		{3B734ED2-C731-40D1-777B-5A33F4D2EBAB}.Release|Any CPU.ActiveCfg = Release|Any CPU
		{3B734ED2-C731-40D1-777B-5A33F4D2EBAB}.Release|Any CPU.Build.0 = Release|Any CPU
		{23C92705-60CF-A8DA-E290-1D9BB278D8B1}.Debug|Any CPU.ActiveCfg = Debug|Any CPU
		{23C92705-60CF-A8DA-E290-1D9BB278D8B1}.Debug|Any CPU.Build.0 = Debug|Any CPU
		{23C92705-60CF-A8DA-E290-1D9BB278D8B1}.Release|Any CPU.ActiveCfg = Release|Any CPU
		{23C92705-60CF-A8DA-E290-1D9BB278D8B1}.Release|Any CPU.Build.0 = Release|Any CPU
		{941BDC64-7E21-CB60-A550-F15534519BDF}.Debug|Any CPU.ActiveCfg = Debug|Any CPU
		{941BDC64-7E21-CB60-A550-F15534519BDF}.Debug|Any CPU.Build.0 = Debug|Any CPU
		{941BDC64-7E21-CB60-A550-F15534519BDF}.Release|Any CPU.ActiveCfg = Release|Any CPU
		{941BDC64-7E21-CB60-A550-F15534519BDF}.Release|Any CPU.Build.0 = Release|Any CPU
		{B56735A8-DDF6-70CF-978F-5B740C34A265}.Debug|Any CPU.ActiveCfg = Debug|Any CPU
		{B56735A8-DDF6-70CF-978F-5B740C34A265}.Debug|Any CPU.Build.0 = Debug|Any CPU
		{B56735A8-DDF6-70CF-978F-5B740C34A265}.Release|Any CPU.ActiveCfg = Release|Any CPU
		{B56735A8-DDF6-70CF-978F-5B740C34A265}.Release|Any CPU.Build.0 = Release|Any CPU
		{59D37D70-CA7B-BF55-80B9-865A4CDD926E}.Debug|Any CPU.ActiveCfg = Debug|Any CPU
		{59D37D70-CA7B-BF55-80B9-865A4CDD926E}.Debug|Any CPU.Build.0 = Debug|Any CPU
		{59D37D70-CA7B-BF55-80B9-865A4CDD926E}.Release|Any CPU.ActiveCfg = Release|Any CPU
		{59D37D70-CA7B-BF55-80B9-865A4CDD926E}.Release|Any CPU.Build.0 = Release|Any CPU
		{543A6AB9-0570-633D-21BD-34FBE66A0935}.Debug|Any CPU.ActiveCfg = Debug|Any CPU
		{543A6AB9-0570-633D-21BD-34FBE66A0935}.Debug|Any CPU.Build.0 = Debug|Any CPU
		{543A6AB9-0570-633D-21BD-34FBE66A0935}.Release|Any CPU.ActiveCfg = Release|Any CPU
		{543A6AB9-0570-633D-21BD-34FBE66A0935}.Release|Any CPU.Build.0 = Release|Any CPU
		{95378FDE-0395-81A6-9277-A31C876099B9}.Debug|Any CPU.ActiveCfg = Debug|Any CPU
		{95378FDE-0395-81A6-9277-A31C876099B9}.Debug|Any CPU.Build.0 = Debug|Any CPU
		{95378FDE-0395-81A6-9277-A31C876099B9}.Release|Any CPU.ActiveCfg = Release|Any CPU
		{95378FDE-0395-81A6-9277-A31C876099B9}.Release|Any CPU.Build.0 = Release|Any CPU
		{EC1A9D6A-DFFA-B46A-D115-41C73CA06CC3}.Debug|Any CPU.ActiveCfg = Debug|Any CPU
		{EC1A9D6A-DFFA-B46A-D115-41C73CA06CC3}.Debug|Any CPU.Build.0 = Debug|Any CPU
		{EC1A9D6A-DFFA-B46A-D115-41C73CA06CC3}.Release|Any CPU.ActiveCfg = Release|Any CPU
		{EC1A9D6A-DFFA-B46A-D115-41C73CA06CC3}.Release|Any CPU.Build.0 = Release|Any CPU
		{28EB3681-5240-19D9-4F64-1B6696DA041B}.Debug|Any CPU.ActiveCfg = Debug|Any CPU
		{28EB3681-5240-19D9-4F64-1B6696DA041B}.Debug|Any CPU.Build.0 = Debug|Any CPU
		{28EB3681-5240-19D9-4F64-1B6696DA041B}.Release|Any CPU.ActiveCfg = Release|Any CPU
		{28EB3681-5240-19D9-4F64-1B6696DA041B}.Release|Any CPU.Build.0 = Release|Any CPU
		{72B77386-5F45-EFD9-CBD8-1EBD61536AD8}.Debug|Any CPU.ActiveCfg = Debug|Any CPU
		{72B77386-5F45-EFD9-CBD8-1EBD61536AD8}.Debug|Any CPU.Build.0 = Debug|Any CPU
		{72B77386-5F45-EFD9-CBD8-1EBD61536AD8}.Release|Any CPU.ActiveCfg = Release|Any CPU
		{72B77386-5F45-EFD9-CBD8-1EBD61536AD8}.Release|Any CPU.Build.0 = Release|Any CPU
	EndGlobalSection
	GlobalSection(SolutionProperties) = preSolution
		HideSolutionNode = FALSE
	EndGlobalSection
EndGlobal
